PODS:
  - ADAL (1.2.10)
  - AppAuth (1.4.0):
    - AppAuth/Core (= 1.4.0)
    - AppAuth/ExternalUserAgent (= 1.4.0)
  - AppAuth/Core (1.4.0)
  - AppAuth/ExternalUserAgent (1.4.0)
  - Base32 (1.1.2)
  - GoogleAPIClientForREST/Core (1.5.2):
    - GTMSessionFetcher (>= 1.1.7)
  - GoogleAPIClientForREST/Drive (1.5.2):
    - GoogleAPIClientForREST/Core
    - GTMSessionFetcher (>= 1.1.7)
  - GoogleSignIn (5.0.2):
    - AppAuth (~> 1.2)
    - GTMAppAuth (~> 1.0)
    - GTMSessionFetcher/Core (~> 1.1)
  - GTMAppAuth (1.2.2):
    - AppAuth/Core (~> 1.4)
    - GTMSessionFetcher/Core (~> 1.5)
  - GTMSessionFetcher (1.6.1):
    - GTMSessionFetcher/Full (= 1.6.1)
  - GTMSessionFetcher/Core (1.6.1)
  - GTMSessionFetcher/Full (1.6.1):
    - GTMSessionFetcher/Core (= 1.6.1)
  - ISMessages (1.3.1)
  - libsodium (1.0.12)
  - MTBBarcodeScanner (5.0.11)
  - ObjectiveDropboxOfficial (6.0.1)
  - OneDriveSDK (1.3.0):
    - OneDriveSDK/Auth (= 1.3.0)
    - OneDriveSDK/Common (= 1.3.0)
    - OneDriveSDK/Extensions (= 1.3.0)
    - OneDriveSDK/Implementations (= 1.3.0)
    - OneDriveSDK/OneDriveCoreSDK (= 1.3.0)
  - OneDriveSDK/Auth (1.3.0):
    - ADAL (~> 1.2)
    - Base32 (~> 1.1)
    - OneDriveSDK/Common
  - OneDriveSDK/Common (1.3.0)
  - OneDriveSDK/Extensions (1.3.0):
    - OneDriveSDK/Auth
    - OneDriveSDK/Implementations
    - OneDriveSDK/OneDriveCoreSDK
  - OneDriveSDK/Implementations (1.3.0):
    - OneDriveSDK/Common
  - OneDriveSDK/OneDriveCoreSDK (1.3.0):
    - OneDriveSDK/Common
  - Reachability (3.2)

DEPENDENCIES:
  - GoogleAPIClientForREST/Drive
  - GoogleSignIn
  - GoogleSignIn (= 5.0.2)
  - ISMessages
  - libsodium
  - MTBBarcodeScanner
  - ObjectiveDropboxOfficial
  - OneDriveSDK
  - Reachability

SPEC REPOS:
  trunk:
    - ADAL
    - AppAuth
    - Base32
    - GoogleAPIClientForREST
    - GoogleSignIn
    - GTMAppAuth
    - GTMSessionFetcher
    - ISMessages
    - libsodium
    - MTBBarcodeScanner
    - ObjectiveDropboxOfficial
    - OneDriveSDK
    - Reachability

SPEC CHECKSUMS:
  ADAL: f2eb2158b9bcd2c8416ff2d026c176b98ea6651f
  AppAuth: 31bcec809a638d7bd2f86ea8a52bd45f6e81e7c7
  Base32: 163c298644d184e89ca4e00a996bad6bf5166390
  GoogleAPIClientForREST: 538a8ad0014fd88b78894e77100775a6b0a4f7ed
  GoogleSignIn: 7137d297ddc022a7e0aa4619c86d72c909fa7213
  GTMAppAuth: ad5c2b70b9a8689e1a04033c9369c4915bfcbe89
  GTMSessionFetcher: 36689134877faeb055b27dfa4ccc9ceaa42e029e
  ISMessages: 562cddc3e960359de95f934a4e5c4e1f4ea6fd7d
  libsodium: 9a8faa5ef2fa0d2d57bd7f7d79bf8fb7c1a9f0ea
  MTBBarcodeScanner: f453b33c4b7dfe545d8c6484ed744d55671788cb
  ObjectiveDropboxOfficial: f6357b632e763f3f6bec2df41d9e66372f5fa401
  OneDriveSDK: 90ab8781f0992c37d96b68cc340585f5cf36701f
  Reachability: 33e18b67625424e47b6cde6d202dce689ad7af96

PODFILE CHECKSUM: 220f815e06ad5af97618328421b4311b90356ddd

COCOAPODS: 1.10.0
