PODS:
  - ADAL (1.2.10)
  - Base32 (1.1.2)
  - DynamicBlurView (3.0.1)
  - DZNEmptyDataSet (1.8.1)
  - GoogleAPIClientForREST/Core (1.3.7):
    - GTMSessionFetcher (>= 1.1.7)
  - GoogleAPIClientForREST/Drive (1.3.7):
    - GoogleAPIClientForREST/Core
    - GTMSessionFetcher (>= 1.1.7)
  - GoogleSignIn (4.4.0):
    - "GoogleToolboxForMac/NSDictionary+URLArguments (~> 2.1)"
    - "GoogleToolboxForMac/NSString+URLArguments (~> 2.1)"
    - GTMSessionFetcher/Core (~> 1.1)
  - GoogleToolboxForMac/DebugUtils (2.2.0):
    - GoogleToolboxForMac/Defines (= 2.2.0)
  - GoogleToolboxForMac/Defines (2.2.0)
  - "GoogleToolboxForMac/NSDictionary+URLArguments (2.2.0)":
    - GoogleToolboxForMac/DebugUtils (= 2.2.0)
    - GoogleToolboxForMac/Defines (= 2.2.0)
    - "GoogleToolboxForMac/NSString+URLArguments (= 2.2.0)"
  - "GoogleToolboxForMac/NSString+URLArguments (2.2.0)"
  - GTMSessionFetcher (1.2.1):
    - GTMSessionFetcher/Full (= 1.2.1)
  - GTMSessionFetcher/Core (1.2.1)
  - GTMSessionFetcher/Full (1.2.1):
    - GTMSessionFetcher/Core (= 1.2.1)
  - GZIP (1.1.1)
  - ISMessages (1.3.1)
  - JNKeychain (0.1.4)
  - KissXML (5.2.3)
  - libsodium (1.0.12)
  - MTBBarcodeScanner (5.0.8)
  - NMSSH (2.3.1)
  - ObjectiveDropboxOfficial (3.9.4)
  - OneDriveSDK (1.3.0):
    - OneDriveSDK/Auth (= 1.3.0)
    - OneDriveSDK/Common (= 1.3.0)
    - OneDriveSDK/Extensions (= 1.3.0)
    - OneDriveSDK/Implementations (= 1.3.0)
    - OneDriveSDK/OneDriveCoreSDK (= 1.3.0)
  - OneDriveSDK/Auth (1.3.0):
    - ADAL (~> 1.2)
    - Base32 (~> 1.1)
    - OneDriveSDK/Common
  - OneDriveSDK/Common (1.3.0)
  - OneDriveSDK/Extensions (1.3.0):
    - OneDriveSDK/Auth
    - OneDriveSDK/Implementations
    - OneDriveSDK/OneDriveCoreSDK
  - OneDriveSDK/Implementations (1.3.0):
    - OneDriveSDK/Common
  - OneDriveSDK/OneDriveCoreSDK (1.3.0):
    - OneDriveSDK/Common
  - PopupDialog (0.9.2):
    - DynamicBlurView (~> 3.0.1)
  - Reachability (3.2)
  - RMStore (0.7.1):
    - RMStore/Core (= 0.7.1)
  - RMStore/Core (0.7.1)
  - SAMKeychain (1.5.3)
  - SVProgressHUD (2.2.5)

DEPENDENCIES:
  - Base32
  - DZNEmptyDataSet
  - GoogleAPIClientForREST/Drive
  - GoogleSignIn
  - GZIP
  - ISMessages
  - JNKeychain
  - KissXML
  - libsodium
  - MTBBarcodeScanner
  - NMSSH
  - ObjectiveDropboxOfficial
  - OneDriveSDK
  - PopupDialog
  - Reachability
  - RMStore
  - SAMKeychain
  - SVProgressHUD

SPEC REPOS:
  https://github.com/cocoapods/specs.git:
    - ADAL
    - Base32
    - DynamicBlurView
    - DZNEmptyDataSet
    - GoogleAPIClientForREST
    - GoogleSignIn
    - GoogleToolboxForMac
    - GTMSessionFetcher
    - GZIP
    - ISMessages
    - JNKeychain
    - KissXML
    - libsodium
    - MTBBarcodeScanner
    - NMSSH
    - ObjectiveDropboxOfficial
    - OneDriveSDK
    - PopupDialog
    - Reachability
    - RMStore
    - SAMKeychain
    - SVProgressHUD

SPEC CHECKSUMS:
  ADAL: f2eb2158b9bcd2c8416ff2d026c176b98ea6651f
  Base32: 163c298644d184e89ca4e00a996bad6bf5166390
  DynamicBlurView: b1df5415f9bd31897549e5d7077e5ec120a4d636
  DZNEmptyDataSet: 9525833b9e68ac21c30253e1d3d7076cc828eaa7
  GoogleAPIClientForREST: 825503f12cb5824601cf526cf06d81a1cea4afd9
  GoogleSignIn: 7ff245e1a7b26d379099d3243a562f5747e23d39
  GoogleToolboxForMac: ff31605b7d66400dcec09bed5861689aebadda4d
  GTMSessionFetcher: 32aeca0aa144acea523e1c8e053089dec2cb98ca
  GZIP: f8beb59597f651e6970a45b816508a9c6d700b77
  ISMessages: 562cddc3e960359de95f934a4e5c4e1f4ea6fd7d
  JNKeychain: fb6cc9ec95959ba46cd95d0ee6f7a05e41da9f42
  KissXML: 09f88ff8161fd058d67b70740b8b516687b52823
  libsodium: 9a8faa5ef2fa0d2d57bd7f7d79bf8fb7c1a9f0ea
  MTBBarcodeScanner: 5b97f10a037e2560ff104da413343c5ce9413911
  NMSSH: cd689ae535a1581a6dd9fd4600ff71247df510a6
  ObjectiveDropboxOfficial: a5afefc83f6467c42c45f2253f583f2ad1ffc701
  OneDriveSDK: 90ab8781f0992c37d96b68cc340585f5cf36701f
  PopupDialog: f4bb461bf70ff422be0b56656566424ee9273080
  Reachability: 33e18b67625424e47b6cde6d202dce689ad7af96
  RMStore: 64ba13a9c040e3b7572765d169f77175cd3243e5
  SAMKeychain: 483e1c9f32984d50ca961e26818a534283b4cd5c
  SVProgressHUD: 1428aafac632c1f86f62aa4243ec12008d7a51d6

PODFILE CHECKSUM: 5e4cdd9533efd2c11f9c8ecf595787f58c4946f7

COCOAPODS: 1.5.3
