PODS:
  - ADAL (1.2.10)
  - AppAuth (1.4.0):
    - AppAuth/Core (= 1.4.0)
    - AppAuth/ExternalUserAgent (= 1.4.0)
  - AppAuth/Core (1.4.0)
  - AppAuth/ExternalUserAgent (1.4.0)
  - Base32 (1.1.2)
  - GoogleAPIClientForREST/Core (1.5.1):
    - GTMSessionFetcher (>= 1.1.7)
  - GoogleAPIClientForREST/Drive (1.5.1):
    - GoogleAPIClientForREST/Core
    - GTMSessionFetcher (>= 1.1.7)
  - GoogleSignIn (5.0.2):
    - AppAuth (~> 1.2)
    - GTMAppAuth (~> 1.0)
    - GTMSessionFetcher/Core (~> 1.1)
  - GTMAppAuth (1.1.0):
    - AppAuth/Core (~> 1.4)
    - GTMSessionFetcher (~> 1.4)
  - GTMSessionFetcher (1.5.0):
    - GTMSessionFetcher/Full (= 1.5.0)
  - GTMSessionFetcher/Core (1.5.0)
  - GTMSessionFetcher/Full (1.5.0):
    - GTMSessionFetcher/Core (= 1.5.0)
  - ISMessages (1.3.1)
  - libsodium (1.0.12)
  - MTBBarcodeScanner (5.0.11)
  - ObjectiveDropboxOfficial (5.0.5)
  - OneDriveSDK (1.3.0):
    - OneDriveSDK/Auth (= 1.3.0)
    - OneDriveSDK/Common (= 1.3.0)
    - OneDriveSDK/Extensions (= 1.3.0)
    - OneDriveSDK/Implementations (= 1.3.0)
    - OneDriveSDK/OneDriveCoreSDK (= 1.3.0)
  - OneDriveSDK/Auth (1.3.0):
    - ADAL (~> 1.2)
    - Base32 (~> 1.1)
    - OneDriveSDK/Common
  - OneDriveSDK/Common (1.3.0)
  - OneDriveSDK/Extensions (1.3.0):
    - OneDriveSDK/Auth
    - OneDriveSDK/Implementations
    - OneDriveSDK/OneDriveCoreSDK
  - OneDriveSDK/Implementations (1.3.0):
    - OneDriveSDK/Common
  - OneDriveSDK/OneDriveCoreSDK (1.3.0):
    - OneDriveSDK/Common
  - Reachability (3.2)

DEPENDENCIES:
  - GoogleAPIClientForREST/Drive
  - GoogleSignIn
  - ISMessages
  - libsodium
  - MTBBarcodeScanner
  - ObjectiveDropboxOfficial
  - OneDriveSDK
  - Reachability

SPEC REPOS:
  trunk:
    - ADAL
    - AppAuth
    - Base32
    - GoogleAPIClientForREST
    - GoogleSignIn
    - GTMAppAuth
    - GTMSessionFetcher
    - ISMessages
    - libsodium
    - MTBBarcodeScanner
    - ObjectiveDropboxOfficial
    - OneDriveSDK
    - Reachability

SPEC CHECKSUMS:
  ADAL: f2eb2158b9bcd2c8416ff2d026c176b98ea6651f
  AppAuth: 31bcec809a638d7bd2f86ea8a52bd45f6e81e7c7
  Base32: 163c298644d184e89ca4e00a996bad6bf5166390
  GoogleAPIClientForREST: 4bb409633efcc2e1b3f945afe7e35039b5a61db2
  GoogleSignIn: 7137d297ddc022a7e0aa4619c86d72c909fa7213
  GTMAppAuth: 197a8dabfea5d665224aa00d17f164fc2248dab9
  GTMSessionFetcher: b3503b20a988c4e20cc189aa798fd18220133f52
  ISMessages: 562cddc3e960359de95f934a4e5c4e1f4ea6fd7d
  libsodium: 9a8faa5ef2fa0d2d57bd7f7d79bf8fb7c1a9f0ea
  MTBBarcodeScanner: f453b33c4b7dfe545d8c6484ed744d55671788cb
  ObjectiveDropboxOfficial: 9ba0f4a3a9fdc914c2e660d759957328dd6cd744
  OneDriveSDK: 90ab8781f0992c37d96b68cc340585f5cf36701f
  Reachability: 33e18b67625424e47b6cde6d202dce689ad7af96

PODFILE CHECKSUM: 676165795f2c1ee9cad346bc6c154be28bd72dc7

COCOAPODS: 1.10.0
