// !$*UTF8*$!
{
	archiveVersion = 1;
	classes = {
	};
	objectVersion = 46;
	objects = {

/* Begin PBXBuildFile section */
		4D0165401EDB2F9C00CCB8CF /* SafeMetaData.m in Sources */ = {isa = PBXBuildFile; fileRef = 4D0165311EDB2F9C00CCB8CF /* SafeMetaData.m */; };
		4D0BA7D81F23B844009243C9 /* Settings.m in Sources */ = {isa = PBXBuildFile; fileRef = 4D0BA7D71F23B844009243C9 /* Settings.m */; };
		4D0BA7DB1F23CA2A009243C9 /* PreferencesTableViewController.m in Sources */ = {isa = PBXBuildFile; fileRef = 4D0BA7DA1F23CA2A009243C9 /* PreferencesTableViewController.m */; };
		4D1398A31F5F0B66002608E4 /* Node.m in Sources */ = {isa = PBXBuildFile; fileRef = 4D1398A01F5F0B66002608E4 /* Node.m */; };
		4D1398A41F5F0B66002608E4 /* NodeFields.m in Sources */ = {isa = PBXBuildFile; fileRef = 4D1398A21F5F0B66002608E4 /* NodeFields.m */; };
		4D1757BB1C8361D300E6356F /* BrowseSafeView.m in Sources */ = {isa = PBXBuildFile; fileRef = 4D1757901C8361D200E6356F /* BrowseSafeView.m */; };
		4D1757BF1C8361D300E6356F /* formatV3.txt in Resources */ = {isa = PBXBuildFile; fileRef = 4D1757961C8361D200E6356F /* formatV3.txt */; };
		4D1757C01C8361D300E6356F /* GoogleDriveManager.m in Sources */ = {isa = PBXBuildFile; fileRef = 4D1757981C8361D200E6356F /* GoogleDriveManager.m */; };
		4D1757C11C8361D300E6356F /* GoogleDriveStorageProvider.m in Sources */ = {isa = PBXBuildFile; fileRef = 4D17579A1C8361D200E6356F /* GoogleDriveStorageProvider.m */; };
		4D1757C31C8361D300E6356F /* IOsUtils.m in Sources */ = {isa = PBXBuildFile; fileRef = 4D17579D1C8361D200E6356F /* IOsUtils.m */; };
		4D1757C41C8361D300E6356F /* LocalDeviceStorageProvider.m in Sources */ = {isa = PBXBuildFile; fileRef = 4D17579F1C8361D200E6356F /* LocalDeviceStorageProvider.m */; };
		4D1757C91C8361D300E6356F /* SafeDetailsAndSettingsView.m in Sources */ = {isa = PBXBuildFile; fileRef = 4D1757A81C8361D300E6356F /* SafeDetailsAndSettingsView.m */; };
		4D1757CD1C8361D300E6356F /* SafesViewController.m in Sources */ = {isa = PBXBuildFile; fileRef = 4D1757B01C8361D300E6356F /* SafesViewController.m */; };
		4D1757CE1C8361D300E6356F /* SelectDestinationGroupController.m in Sources */ = {isa = PBXBuildFile; fileRef = 4D1757B21C8361D300E6356F /* SelectDestinationGroupController.m */; };
		4D1D6FD71F38760F00D2B8EC /* Model.m in Sources */ = {isa = PBXBuildFile; fileRef = 4D1D6FD61F38760F00D2B8EC /* Model.m */; };
		4D275E571F1BC97600D79A30 /* UpgradeViewController.m in Sources */ = {isa = PBXBuildFile; fileRef = 4D275E561F1BC97600D79A30 /* UpgradeViewController.m */; };
		4D2E35691F62C9CB0064B5D5 /* SelectStorageProviderController.m in Sources */ = {isa = PBXBuildFile; fileRef = 4D2E35681F62C9CB0064B5D5 /* SelectStorageProviderController.m */; };
		4D31925F1ECF528B00DF6ED0 /* GoogleService-Info.plist in Resources */ = {isa = PBXBuildFile; fileRef = 4D31925E1ECF528B00DF6ED0 /* GoogleService-Info.plist */; };
		4D3694DE1F54547100A82811 /* Utils.m in Sources */ = {isa = PBXBuildFile; fileRef = 4D3694DD1F54547100A82811 /* Utils.m */; };
		4D40EEEE1ED87734006532F8 /* StorageBrowserTableViewController.m in Sources */ = {isa = PBXBuildFile; fileRef = 4D40EEED1ED87734006532F8 /* StorageBrowserTableViewController.m */; };
		4D40EEF11ED878DB006532F8 /* StorageBrowserItem.m in Sources */ = {isa = PBXBuildFile; fileRef = 4D40EEF01ED878DB006532F8 /* StorageBrowserItem.m */; };
		4D4C49041EDEC0B900EB857D /* RecordView.m in Sources */ = {isa = PBXBuildFile; fileRef = 4D4C49031EDEC0B900EB857D /* RecordView.m */; };
		4D55F0D81EE2BFF400C43B26 /* TextFieldAutoSuggest.m in Sources */ = {isa = PBXBuildFile; fileRef = 4D55F0D71EE2BFF400C43B26 /* TextFieldAutoSuggest.m */; };
		4D68DBB31F430ECB00A8A148 /* PasswordDatabase.m in Sources */ = {isa = PBXBuildFile; fileRef = 4D68DBB21F430ECB00A8A148 /* PasswordDatabase.m */; };
		4D915D741EDC068D002615F6 /* PasswordSettingsTableViewController.m in Sources */ = {isa = PBXBuildFile; fileRef = 4D915D731EDC068D002615F6 /* PasswordSettingsTableViewController.m */; };
		4D915D771EDC06A0002615F6 /* PreviousPasswordsTableViewController.m in Sources */ = {isa = PBXBuildFile; fileRef = 4D915D761EDC06A0002615F6 /* PreviousPasswordsTableViewController.m */; };
		4D915D7A1EDC4B77002615F6 /* Alerts.m in Sources */ = {isa = PBXBuildFile; fileRef = 4D915D791EDC4B77002615F6 /* Alerts.m */; };
		4D92C7F11F388D0900341A58 /* Field.m in Sources */ = {isa = PBXBuildFile; fileRef = 4D92C7DE1F388D0900341A58 /* Field.m */; };
		4D92C7F21F388D0900341A58 /* Group.m in Sources */ = {isa = PBXBuildFile; fileRef = 4D92C7E01F388D0900341A58 /* Group.m */; };
		4D92C7F31F388D0900341A58 /* PasswordHistory.m in Sources */ = {isa = PBXBuildFile; fileRef = 4D92C7E21F388D0900341A58 /* PasswordHistory.m */; };
		4D92C7F41F388D0900341A58 /* PasswordHistoryEntry.m in Sources */ = {isa = PBXBuildFile; fileRef = 4D92C7E41F388D0900341A58 /* PasswordHistoryEntry.m */; };
		4D92C7F61F388D0900341A58 /* Record.m in Sources */ = {isa = PBXBuildFile; fileRef = 4D92C7E81F388D0900341A58 /* Record.m */; };
		4D92C7F91F388D0900341A58 /* SafeTools.m in Sources */ = {isa = PBXBuildFile; fileRef = 4D92C7EE1F388D0900341A58 /* SafeTools.m */; };
		4D92C7FA1F388D0900341A58 /* twofish in Resources */ = {isa = PBXBuildFile; fileRef = 4D92C7EF1F388D0900341A58 /* twofish */; };
		4D92C7FD1F388DE500341A58 /* twofish.c in Sources */ = {isa = PBXBuildFile; fileRef = 4D92C7FC1F388DE500341A58 /* twofish.c */; };
		4D92C7FF1F388DFF00341A58 /* crypt_argchk.c in Sources */ = {isa = PBXBuildFile; fileRef = 4D92C7FE1F388DFF00341A58 /* crypt_argchk.c */; };
		4D93FD771EDB7A520076BBAA /* StoreKit.framework in Frameworks */ = {isa = PBXBuildFile; fileRef = 4D93FD761EDB7A520076BBAA /* StoreKit.framework */; };
		4DA6335C1F62E8F8000A0E9D /* CustomStorageProviderTableViewCell.m in Sources */ = {isa = PBXBuildFile; fileRef = 4DA6335B1F62E8F8000A0E9D /* CustomStorageProviderTableViewCell.m */; };
		4DA6335F1F62EDA5000A0E9D /* Main.storyboard in Resources */ = {isa = PBXBuildFile; fileRef = 4DA6335D1F62EAE1000A0E9D /* Main.storyboard */; };
		4DBE5B391C8356C700C310BC /* AppDelegate.m in Sources */ = {isa = PBXBuildFile; fileRef = 4DBE5B381C8356C700C310BC /* AppDelegate.m */; };
		4DC2D4141F39D8A90029DBFE /* Images.xcassets in Resources */ = {isa = PBXBuildFile; fileRef = 4DC2D4131F39D8A90029DBFE /* Images.xcassets */; };
		4DD59F541D3A5A7300F864ED /* main.m in Sources */ = {isa = PBXBuildFile; fileRef = 4D1757A21C8361D200E6356F /* main.m */; };
		4DE229A21ED8A102000FDC3D /* DropboxV2StorageProvider.m in Sources */ = {isa = PBXBuildFile; fileRef = 4DE229A11ED8A102000FDC3D /* DropboxV2StorageProvider.m */; };
		4DF785FB1EDB319E006D4918 /* SafesCollection.m in Sources */ = {isa = PBXBuildFile; fileRef = 4D0165331EDB2F9C00CCB8CF /* SafesCollection.m */; };
		4DFAA3871EDDBFA8003FB355 /* AddSafeAlertController.m in Sources */ = {isa = PBXBuildFile; fileRef = 4DFAA3861EDDBFA8003FB355 /* AddSafeAlertController.m */; };
		9D5745A0E31C615E45BFF151 /* Pods_StrongBox.framework in Frameworks */ = {isa = PBXBuildFile; fileRef = A2AA2ED99F5E8C1F20B9D1E3 /* Pods_StrongBox.framework */; };
/* End PBXBuildFile section */

/* Begin PBXFileReference section */
		4D0165301EDB2F9C00CCB8CF /* SafeMetaData.h */ = {isa = PBXFileReference; fileEncoding = 4; lastKnownFileType = sourcecode.c.h; path = SafeMetaData.h; sourceTree = "<group>"; };
		4D0165311EDB2F9C00CCB8CF /* SafeMetaData.m */ = {isa = PBXFileReference; fileEncoding = 4; lastKnownFileType = sourcecode.c.objc; path = SafeMetaData.m; sourceTree = "<group>"; };
		4D0165321EDB2F9C00CCB8CF /* SafesCollection.h */ = {isa = PBXFileReference; fileEncoding = 4; lastKnownFileType = sourcecode.c.h; path = SafesCollection.h; sourceTree = "<group>"; };
		4D0165331EDB2F9C00CCB8CF /* SafesCollection.m */ = {isa = PBXFileReference; fileEncoding = 4; lastKnownFileType = sourcecode.c.objc; path = SafesCollection.m; sourceTree = "<group>"; };
		4D0BA7D61F23B844009243C9 /* Settings.h */ = {isa = PBXFileReference; fileEncoding = 4; lastKnownFileType = sourcecode.c.h; path = Settings.h; sourceTree = "<group>"; };
		4D0BA7D71F23B844009243C9 /* Settings.m */ = {isa = PBXFileReference; fileEncoding = 4; lastKnownFileType = sourcecode.c.objc; path = Settings.m; sourceTree = "<group>"; };
		4D0BA7D91F23CA2A009243C9 /* PreferencesTableViewController.h */ = {isa = PBXFileReference; fileEncoding = 4; lastKnownFileType = sourcecode.c.h; path = PreferencesTableViewController.h; sourceTree = "<group>"; };
		4D0BA7DA1F23CA2A009243C9 /* PreferencesTableViewController.m */ = {isa = PBXFileReference; fileEncoding = 4; lastKnownFileType = sourcecode.c.objc; path = PreferencesTableViewController.m; sourceTree = "<group>"; };
		4D13989F1F5F0B66002608E4 /* Node.h */ = {isa = PBXFileReference; fileEncoding = 4; lastKnownFileType = sourcecode.c.h; name = Node.h; path = macbox/MacBox/../../PwSafeModel/Node.h; sourceTree = SOURCE_ROOT; };
		4D1398A01F5F0B66002608E4 /* Node.m */ = {isa = PBXFileReference; fileEncoding = 4; lastKnownFileType = sourcecode.c.objc; name = Node.m; path = macbox/MacBox/../../PwSafeModel/Node.m; sourceTree = SOURCE_ROOT; };
		4D1398A11F5F0B66002608E4 /* NodeFields.h */ = {isa = PBXFileReference; fileEncoding = 4; lastKnownFileType = sourcecode.c.h; name = NodeFields.h; path = macbox/MacBox/../../PwSafeModel/NodeFields.h; sourceTree = SOURCE_ROOT; };
		4D1398A21F5F0B66002608E4 /* NodeFields.m */ = {isa = PBXFileReference; fileEncoding = 4; lastKnownFileType = sourcecode.c.objc; name = NodeFields.m; path = macbox/MacBox/../../PwSafeModel/NodeFields.m; sourceTree = SOURCE_ROOT; };
		4D17578F1C8361D200E6356F /* BrowseSafeView.h */ = {isa = PBXFileReference; fileEncoding = 4; lastKnownFileType = sourcecode.c.h; path = BrowseSafeView.h; sourceTree = "<group>"; };
		4D1757901C8361D200E6356F /* BrowseSafeView.m */ = {isa = PBXFileReference; fileEncoding = 4; lastKnownFileType = sourcecode.c.objc; path = BrowseSafeView.m; sourceTree = "<group>"; };
		4D1757961C8361D200E6356F /* formatV3.txt */ = {isa = PBXFileReference; fileEncoding = 4; lastKnownFileType = text; path = formatV3.txt; sourceTree = "<group>"; };
		4D1757971C8361D200E6356F /* GoogleDriveManager.h */ = {isa = PBXFileReference; fileEncoding = 4; lastKnownFileType = sourcecode.c.h; path = GoogleDriveManager.h; sourceTree = "<group>"; };
		4D1757981C8361D200E6356F /* GoogleDriveManager.m */ = {isa = PBXFileReference; fileEncoding = 4; lastKnownFileType = sourcecode.c.objc; path = GoogleDriveManager.m; sourceTree = "<group>"; };
		4D1757991C8361D200E6356F /* GoogleDriveStorageProvider.h */ = {isa = PBXFileReference; fileEncoding = 4; lastKnownFileType = sourcecode.c.h; path = GoogleDriveStorageProvider.h; sourceTree = "<group>"; };
		4D17579A1C8361D200E6356F /* GoogleDriveStorageProvider.m */ = {isa = PBXFileReference; fileEncoding = 4; lastKnownFileType = sourcecode.c.objc; path = GoogleDriveStorageProvider.m; sourceTree = "<group>"; };
		4D17579C1C8361D200E6356F /* IOsUtils.h */ = {isa = PBXFileReference; fileEncoding = 4; lastKnownFileType = sourcecode.c.h; path = IOsUtils.h; sourceTree = "<group>"; };
		4D17579D1C8361D200E6356F /* IOsUtils.m */ = {isa = PBXFileReference; fileEncoding = 4; lastKnownFileType = sourcecode.c.objc; path = IOsUtils.m; sourceTree = "<group>"; };
		4D17579E1C8361D200E6356F /* LocalDeviceStorageProvider.h */ = {isa = PBXFileReference; fileEncoding = 4; lastKnownFileType = sourcecode.c.h; path = LocalDeviceStorageProvider.h; sourceTree = "<group>"; };
		4D17579F1C8361D200E6356F /* LocalDeviceStorageProvider.m */ = {isa = PBXFileReference; fileEncoding = 4; lastKnownFileType = sourcecode.c.objc; path = LocalDeviceStorageProvider.m; sourceTree = "<group>"; };
		4D1757A21C8361D200E6356F /* main.m */ = {isa = PBXFileReference; fileEncoding = 4; lastKnownFileType = sourcecode.c.objc; path = main.m; sourceTree = "<group>"; };
		4D1757A71C8361D300E6356F /* SafeDetailsAndSettingsView.h */ = {isa = PBXFileReference; fileEncoding = 4; lastKnownFileType = sourcecode.c.h; path = SafeDetailsAndSettingsView.h; sourceTree = "<group>"; };
		4D1757A81C8361D300E6356F /* SafeDetailsAndSettingsView.m */ = {isa = PBXFileReference; fileEncoding = 4; lastKnownFileType = sourcecode.c.objc; path = SafeDetailsAndSettingsView.m; sourceTree = "<group>"; };
		4D1757AD1C8361D300E6356F /* SafeStorageProvider.h */ = {isa = PBXFileReference; fileEncoding = 4; lastKnownFileType = sourcecode.c.h; path = SafeStorageProvider.h; sourceTree = "<group>"; };
		4D1757AE1C8361D300E6356F /* SafeStorageProvider.m */ = {isa = PBXFileReference; fileEncoding = 4; lastKnownFileType = sourcecode.c.objc; path = SafeStorageProvider.m; sourceTree = "<group>"; };
		4D1757AF1C8361D300E6356F /* SafesViewController.h */ = {isa = PBXFileReference; fileEncoding = 4; lastKnownFileType = sourcecode.c.h; path = SafesViewController.h; sourceTree = "<group>"; };
		4D1757B01C8361D300E6356F /* SafesViewController.m */ = {isa = PBXFileReference; fileEncoding = 4; lastKnownFileType = sourcecode.c.objc; path = SafesViewController.m; sourceTree = "<group>"; };
		4D1757B11C8361D300E6356F /* SelectDestinationGroupController.h */ = {isa = PBXFileReference; fileEncoding = 4; lastKnownFileType = sourcecode.c.h; path = SelectDestinationGroupController.h; sourceTree = "<group>"; };
		4D1757B21C8361D300E6356F /* SelectDestinationGroupController.m */ = {isa = PBXFileReference; fileEncoding = 4; lastKnownFileType = sourcecode.c.objc; path = SelectDestinationGroupController.m; sourceTree = "<group>"; };
		4D1757B51C8361D300E6356F /* StrongBox-Info.plist */ = {isa = PBXFileReference; fileEncoding = 4; lastKnownFileType = text.plist.xml; path = "StrongBox-Info.plist"; sourceTree = "<group>"; };
		4D1D6FD51F38760F00D2B8EC /* Model.h */ = {isa = PBXFileReference; fileEncoding = 4; lastKnownFileType = sourcecode.c.h; path = Model.h; sourceTree = "<group>"; };
		4D1D6FD61F38760F00D2B8EC /* Model.m */ = {isa = PBXFileReference; fileEncoding = 4; lastKnownFileType = sourcecode.c.objc; path = Model.m; sourceTree = "<group>"; };
		4D275E551F1BC97600D79A30 /* UpgradeViewController.h */ = {isa = PBXFileReference; fileEncoding = 4; lastKnownFileType = sourcecode.c.h; path = UpgradeViewController.h; sourceTree = "<group>"; };
		4D275E561F1BC97600D79A30 /* UpgradeViewController.m */ = {isa = PBXFileReference; fileEncoding = 4; lastKnownFileType = sourcecode.c.objc; path = UpgradeViewController.m; sourceTree = "<group>"; };
		4D2E35671F62C9CB0064B5D5 /* SelectStorageProviderController.h */ = {isa = PBXFileReference; lastKnownFileType = sourcecode.c.h; path = SelectStorageProviderController.h; sourceTree = "<group>"; };
		4D2E35681F62C9CB0064B5D5 /* SelectStorageProviderController.m */ = {isa = PBXFileReference; lastKnownFileType = sourcecode.c.objc; path = SelectStorageProviderController.m; sourceTree = "<group>"; };
		4D31925E1ECF528B00DF6ED0 /* GoogleService-Info.plist */ = {isa = PBXFileReference; fileEncoding = 4; lastKnownFileType = text.plist.xml; name = "GoogleService-Info.plist"; path = "../GoogleService-Info.plist"; sourceTree = "<group>"; };
		4D3694DC1F54547100A82811 /* Utils.h */ = {isa = PBXFileReference; fileEncoding = 4; lastKnownFileType = sourcecode.c.h; name = Utils.h; path = macbox/MacBox/../../PwSafeModel/Utils.h; sourceTree = SOURCE_ROOT; };
		4D3694DD1F54547100A82811 /* Utils.m */ = {isa = PBXFileReference; fileEncoding = 4; lastKnownFileType = sourcecode.c.objc; name = Utils.m; path = macbox/MacBox/../../PwSafeModel/Utils.m; sourceTree = SOURCE_ROOT; };
		4D40EEEC1ED87734006532F8 /* StorageBrowserTableViewController.h */ = {isa = PBXFileReference; fileEncoding = 4; lastKnownFileType = sourcecode.c.h; path = StorageBrowserTableViewController.h; sourceTree = "<group>"; };
		4D40EEED1ED87734006532F8 /* StorageBrowserTableViewController.m */ = {isa = PBXFileReference; fileEncoding = 4; lastKnownFileType = sourcecode.c.objc; path = StorageBrowserTableViewController.m; sourceTree = "<group>"; };
		4D40EEEF1ED878DB006532F8 /* StorageBrowserItem.h */ = {isa = PBXFileReference; fileEncoding = 4; lastKnownFileType = sourcecode.c.h; path = StorageBrowserItem.h; sourceTree = "<group>"; };
		4D40EEF01ED878DB006532F8 /* StorageBrowserItem.m */ = {isa = PBXFileReference; fileEncoding = 4; lastKnownFileType = sourcecode.c.objc; path = StorageBrowserItem.m; sourceTree = "<group>"; };
		4D4C49021EDEC0B900EB857D /* RecordView.h */ = {isa = PBXFileReference; fileEncoding = 4; lastKnownFileType = sourcecode.c.h; path = RecordView.h; sourceTree = "<group>"; };
		4D4C49031EDEC0B900EB857D /* RecordView.m */ = {isa = PBXFileReference; fileEncoding = 4; lastKnownFileType = sourcecode.c.objc; path = RecordView.m; sourceTree = "<group>"; };
		4D55F0D61EE2BFF400C43B26 /* TextFieldAutoSuggest.h */ = {isa = PBXFileReference; fileEncoding = 4; lastKnownFileType = sourcecode.c.h; path = TextFieldAutoSuggest.h; sourceTree = "<group>"; };
		4D55F0D71EE2BFF400C43B26 /* TextFieldAutoSuggest.m */ = {isa = PBXFileReference; fileEncoding = 4; lastKnownFileType = sourcecode.c.objc; path = TextFieldAutoSuggest.m; sourceTree = "<group>"; };
		4D68DBB11F430ECB00A8A148 /* PasswordDatabase.h */ = {isa = PBXFileReference; fileEncoding = 4; lastKnownFileType = sourcecode.c.h; name = PasswordDatabase.h; path = macbox/MacBox/../../PwSafeModel/PasswordDatabase.h; sourceTree = SOURCE_ROOT; };
		4D68DBB21F430ECB00A8A148 /* PasswordDatabase.m */ = {isa = PBXFileReference; fileEncoding = 4; lastKnownFileType = sourcecode.c.objc; name = PasswordDatabase.m; path = macbox/MacBox/../../PwSafeModel/PasswordDatabase.m; sourceTree = SOURCE_ROOT; };
		4D915D721EDC068D002615F6 /* PasswordSettingsTableViewController.h */ = {isa = PBXFileReference; fileEncoding = 4; lastKnownFileType = sourcecode.c.h; path = PasswordSettingsTableViewController.h; sourceTree = "<group>"; };
		4D915D731EDC068D002615F6 /* PasswordSettingsTableViewController.m */ = {isa = PBXFileReference; fileEncoding = 4; lastKnownFileType = sourcecode.c.objc; path = PasswordSettingsTableViewController.m; sourceTree = "<group>"; };
		4D915D751EDC06A0002615F6 /* PreviousPasswordsTableViewController.h */ = {isa = PBXFileReference; fileEncoding = 4; lastKnownFileType = sourcecode.c.h; path = PreviousPasswordsTableViewController.h; sourceTree = "<group>"; };
		4D915D761EDC06A0002615F6 /* PreviousPasswordsTableViewController.m */ = {isa = PBXFileReference; fileEncoding = 4; lastKnownFileType = sourcecode.c.objc; path = PreviousPasswordsTableViewController.m; sourceTree = "<group>"; };
		4D915D781EDC4B77002615F6 /* Alerts.h */ = {isa = PBXFileReference; fileEncoding = 4; lastKnownFileType = sourcecode.c.h; path = Alerts.h; sourceTree = "<group>"; };
		4D915D791EDC4B77002615F6 /* Alerts.m */ = {isa = PBXFileReference; fileEncoding = 4; lastKnownFileType = sourcecode.c.objc; path = Alerts.m; sourceTree = "<group>"; };
		4D92C7DD1F388D0900341A58 /* Field.h */ = {isa = PBXFileReference; fileEncoding = 4; lastKnownFileType = sourcecode.c.h; name = Field.h; path = PwSafeModel/Field.h; sourceTree = SOURCE_ROOT; };
		4D92C7DE1F388D0900341A58 /* Field.m */ = {isa = PBXFileReference; fileEncoding = 4; lastKnownFileType = sourcecode.c.objc; name = Field.m; path = PwSafeModel/Field.m; sourceTree = SOURCE_ROOT; };
		4D92C7DF1F388D0900341A58 /* Group.h */ = {isa = PBXFileReference; fileEncoding = 4; lastKnownFileType = sourcecode.c.h; name = Group.h; path = PwSafeModel/Group.h; sourceTree = SOURCE_ROOT; };
		4D92C7E01F388D0900341A58 /* Group.m */ = {isa = PBXFileReference; fileEncoding = 4; lastKnownFileType = sourcecode.c.objc; name = Group.m; path = PwSafeModel/Group.m; sourceTree = SOURCE_ROOT; };
		4D92C7E11F388D0900341A58 /* PasswordHistory.h */ = {isa = PBXFileReference; fileEncoding = 4; lastKnownFileType = sourcecode.c.h; name = PasswordHistory.h; path = PwSafeModel/PasswordHistory.h; sourceTree = SOURCE_ROOT; };
		4D92C7E21F388D0900341A58 /* PasswordHistory.m */ = {isa = PBXFileReference; fileEncoding = 4; lastKnownFileType = sourcecode.c.objc; name = PasswordHistory.m; path = PwSafeModel/PasswordHistory.m; sourceTree = SOURCE_ROOT; };
		4D92C7E31F388D0900341A58 /* PasswordHistoryEntry.h */ = {isa = PBXFileReference; fileEncoding = 4; lastKnownFileType = sourcecode.c.h; name = PasswordHistoryEntry.h; path = PwSafeModel/PasswordHistoryEntry.h; sourceTree = SOURCE_ROOT; };
		4D92C7E41F388D0900341A58 /* PasswordHistoryEntry.m */ = {isa = PBXFileReference; fileEncoding = 4; lastKnownFileType = sourcecode.c.objc; name = PasswordHistoryEntry.m; path = PwSafeModel/PasswordHistoryEntry.m; sourceTree = SOURCE_ROOT; };
		4D92C7E71F388D0900341A58 /* Record.h */ = {isa = PBXFileReference; fileEncoding = 4; lastKnownFileType = sourcecode.c.h; name = Record.h; path = PwSafeModel/Record.h; sourceTree = SOURCE_ROOT; };
		4D92C7E81F388D0900341A58 /* Record.m */ = {isa = PBXFileReference; fileEncoding = 4; lastKnownFileType = sourcecode.c.objc; name = Record.m; path = PwSafeModel/Record.m; sourceTree = SOURCE_ROOT; };
		4D92C7ED1F388D0900341A58 /* SafeTools.h */ = {isa = PBXFileReference; fileEncoding = 4; lastKnownFileType = sourcecode.c.h; name = SafeTools.h; path = PwSafeModel/SafeTools.h; sourceTree = SOURCE_ROOT; };
		4D92C7EE1F388D0900341A58 /* SafeTools.m */ = {isa = PBXFileReference; fileEncoding = 4; lastKnownFileType = sourcecode.c.objc; name = SafeTools.m; path = PwSafeModel/SafeTools.m; sourceTree = SOURCE_ROOT; };
		4D92C7EF1F388D0900341A58 /* twofish */ = {isa = PBXFileReference; lastKnownFileType = folder; name = twofish; path = PwSafeModel/twofish; sourceTree = SOURCE_ROOT; };
		4D92C7FC1F388DE500341A58 /* twofish.c */ = {isa = PBXFileReference; lastKnownFileType = sourcecode.c.c; name = twofish.c; path = PwSafeModel/twofish/twofish.c; sourceTree = "<group>"; };
		4D92C7FE1F388DFF00341A58 /* crypt_argchk.c */ = {isa = PBXFileReference; lastKnownFileType = sourcecode.c.c; name = crypt_argchk.c; path = PwSafeModel/twofish/crypt_argchk.c; sourceTree = "<group>"; };
		4D93FD761EDB7A520076BBAA /* StoreKit.framework */ = {isa = PBXFileReference; lastKnownFileType = wrapper.framework; name = StoreKit.framework; path = System/Library/Frameworks/StoreKit.framework; sourceTree = SDKROOT; };
		4DA6335A1F62E8F8000A0E9D /* CustomStorageProviderTableViewCell.h */ = {isa = PBXFileReference; lastKnownFileType = sourcecode.c.h; path = CustomStorageProviderTableViewCell.h; sourceTree = "<group>"; };
		4DA6335B1F62E8F8000A0E9D /* CustomStorageProviderTableViewCell.m */ = {isa = PBXFileReference; lastKnownFileType = sourcecode.c.objc; path = CustomStorageProviderTableViewCell.m; sourceTree = "<group>"; };
		4DA6335E1F62EAE1000A0E9D /* Base */ = {isa = PBXFileReference; lastKnownFileType = file.storyboard; name = Base; path = Base.lproj/Main.storyboard; sourceTree = "<group>"; };
		4DBE5B311C8356C700C310BC /* StrongBox.app */ = {isa = PBXFileReference; explicitFileType = wrapper.application; includeInIndex = 0; path = StrongBox.app; sourceTree = BUILT_PRODUCTS_DIR; };
		4DBE5B351C8356C700C310BC /* main.m */ = {isa = PBXFileReference; lastKnownFileType = sourcecode.c.objc; path = main.m; sourceTree = "<group>"; };
		4DBE5B371C8356C700C310BC /* AppDelegate.h */ = {isa = PBXFileReference; lastKnownFileType = sourcecode.c.h; path = AppDelegate.h; sourceTree = "<group>"; };
		4DBE5B381C8356C700C310BC /* AppDelegate.m */ = {isa = PBXFileReference; lastKnownFileType = sourcecode.c.objc; path = AppDelegate.m; sourceTree = "<group>"; };
		4DC2D4131F39D8A90029DBFE /* Images.xcassets */ = {isa = PBXFileReference; lastKnownFileType = folder.assetcatalog; path = Images.xcassets; sourceTree = "<group>"; };
		4DC8DFF01EE19CE300F1F757 /* README.md */ = {isa = PBXFileReference; fileEncoding = 4; lastKnownFileType = net.daringfireball.markdown; name = README.md; path = ../README.md; sourceTree = "<group>"; };
		4DD59F731D3A6FC800F864ED /* secrets.h */ = {isa = PBXFileReference; lastKnownFileType = sourcecode.c.h; path = secrets.h; sourceTree = "<group>"; };
		4DE229A01ED8A102000FDC3D /* DropboxV2StorageProvider.h */ = {isa = PBXFileReference; fileEncoding = 4; lastKnownFileType = sourcecode.c.h; path = DropboxV2StorageProvider.h; sourceTree = "<group>"; };
		4DE229A11ED8A102000FDC3D /* DropboxV2StorageProvider.m */ = {isa = PBXFileReference; fileEncoding = 4; lastKnownFileType = sourcecode.c.objc; path = DropboxV2StorageProvider.m; sourceTree = "<group>"; };
		4DFAA3851EDDBFA8003FB355 /* AddSafeAlertController.h */ = {isa = PBXFileReference; fileEncoding = 4; lastKnownFileType = sourcecode.c.h; path = AddSafeAlertController.h; sourceTree = "<group>"; };
		4DFAA3861EDDBFA8003FB355 /* AddSafeAlertController.m */ = {isa = PBXFileReference; fileEncoding = 4; lastKnownFileType = sourcecode.c.objc; path = AddSafeAlertController.m; sourceTree = "<group>"; };
		9AC77600B59D88F6EA6B21A0 /* Pods-StrongBox.release.xcconfig */ = {isa = PBXFileReference; includeInIndex = 1; lastKnownFileType = text.xcconfig; name = "Pods-StrongBox.release.xcconfig"; path = "Pods/Target Support Files/Pods-StrongBox/Pods-StrongBox.release.xcconfig"; sourceTree = "<group>"; };
		A2AA2ED99F5E8C1F20B9D1E3 /* Pods_StrongBox.framework */ = {isa = PBXFileReference; explicitFileType = wrapper.framework; includeInIndex = 0; path = Pods_StrongBox.framework; sourceTree = BUILT_PRODUCTS_DIR; };
		AE37F0D1999147E7A4993521 /* Pods-StrongBox.debug.xcconfig */ = {isa = PBXFileReference; includeInIndex = 1; lastKnownFileType = text.xcconfig; name = "Pods-StrongBox.debug.xcconfig"; path = "Pods/Target Support Files/Pods-StrongBox/Pods-StrongBox.debug.xcconfig"; sourceTree = "<group>"; };
/* End PBXFileReference section */

/* Begin PBXFrameworksBuildPhase section */
		4DBE5B2E1C8356C700C310BC /* Frameworks */ = {
			isa = PBXFrameworksBuildPhase;
			buildActionMask = 2147483647;
			files = (
				4D93FD771EDB7A520076BBAA /* StoreKit.framework in Frameworks */,
				9D5745A0E31C615E45BFF151 /* Pods_StrongBox.framework in Frameworks */,
			);
			runOnlyForDeploymentPostprocessing = 0;
		};
/* End PBXFrameworksBuildPhase section */

/* Begin PBXGroup section */
		278AD75AE9346420015475D7 /* Pods */ = {
			isa = PBXGroup;
			children = (
				AE37F0D1999147E7A4993521 /* Pods-StrongBox.debug.xcconfig */,
				9AC77600B59D88F6EA6B21A0 /* Pods-StrongBox.release.xcconfig */,
			);
			name = Pods;
			sourceTree = "<group>";
		};
		4D62D6941C85F2B50051E13B /* ViewControllers */ = {
			isa = PBXGroup;
			children = (
				4D17578F1C8361D200E6356F /* BrowseSafeView.h */,
				4D1757901C8361D200E6356F /* BrowseSafeView.m */,
				4D915D721EDC068D002615F6 /* PasswordSettingsTableViewController.h */,
				4D915D731EDC068D002615F6 /* PasswordSettingsTableViewController.m */,
				4D915D751EDC06A0002615F6 /* PreviousPasswordsTableViewController.h */,
				4D915D761EDC06A0002615F6 /* PreviousPasswordsTableViewController.m */,
				4D4C49021EDEC0B900EB857D /* RecordView.h */,
				4D4C49031EDEC0B900EB857D /* RecordView.m */,
				4D1757A71C8361D300E6356F /* SafeDetailsAndSettingsView.h */,
				4D1757A81C8361D300E6356F /* SafeDetailsAndSettingsView.m */,
				4D1757AF1C8361D300E6356F /* SafesViewController.h */,
				4D1757B01C8361D300E6356F /* SafesViewController.m */,
				4D1757B11C8361D300E6356F /* SelectDestinationGroupController.h */,
				4D1757B21C8361D300E6356F /* SelectDestinationGroupController.m */,
				4D275E551F1BC97600D79A30 /* UpgradeViewController.h */,
				4D275E561F1BC97600D79A30 /* UpgradeViewController.m */,
				4D0BA7D91F23CA2A009243C9 /* PreferencesTableViewController.h */,
				4D0BA7DA1F23CA2A009243C9 /* PreferencesTableViewController.m */,
				4D2E35671F62C9CB0064B5D5 /* SelectStorageProviderController.h */,
				4D2E35681F62C9CB0064B5D5 /* SelectStorageProviderController.m */,
				4D40EEEC1ED87734006532F8 /* StorageBrowserTableViewController.h */,
				4D40EEED1ED87734006532F8 /* StorageBrowserTableViewController.m */,
			);
			name = ViewControllers;
			sourceTree = "<group>";
		};
		4D62D6961C85F35E0051E13B /* StorageProviders */ = {
			isa = PBXGroup;
			children = (
				4DE229A01ED8A102000FDC3D /* DropboxV2StorageProvider.h */,
				4DE229A11ED8A102000FDC3D /* DropboxV2StorageProvider.m */,
				4D1757971C8361D200E6356F /* GoogleDriveManager.h */,
				4D1757981C8361D200E6356F /* GoogleDriveManager.m */,
				4D1757991C8361D200E6356F /* GoogleDriveStorageProvider.h */,
				4D17579A1C8361D200E6356F /* GoogleDriveStorageProvider.m */,
				4D17579E1C8361D200E6356F /* LocalDeviceStorageProvider.h */,
				4D17579F1C8361D200E6356F /* LocalDeviceStorageProvider.m */,
				4D1757AD1C8361D300E6356F /* SafeStorageProvider.h */,
				4D1757AE1C8361D300E6356F /* SafeStorageProvider.m */,
				4D40EEEF1ED878DB006532F8 /* StorageBrowserItem.h */,
				4D40EEF01ED878DB006532F8 /* StorageBrowserItem.m */,
			);
			name = StorageProviders;
			sourceTree = "<group>";
		};
		4D62D6981C85F3AC0051E13B /* Model */ = {
			isa = PBXGroup;
			children = (
				4D1D6FD51F38760F00D2B8EC /* Model.h */,
				4D1D6FD61F38760F00D2B8EC /* Model.m */,
				4D0165301EDB2F9C00CCB8CF /* SafeMetaData.h */,
				4D0165311EDB2F9C00CCB8CF /* SafeMetaData.m */,
				4D0165321EDB2F9C00CCB8CF /* SafesCollection.h */,
				4D0165331EDB2F9C00CCB8CF /* SafesCollection.m */,
				4D0BA7D61F23B844009243C9 /* Settings.h */,
				4D0BA7D71F23B844009243C9 /* Settings.m */,
			);
			name = Model;
			sourceTree = "<group>";
		};
		4D92C7DA1F388CF200341A58 /* PwSafeModel */ = {
			isa = PBXGroup;
			children = (
				4D13989F1F5F0B66002608E4 /* Node.h */,
				4D1398A01F5F0B66002608E4 /* Node.m */,
				4D1398A11F5F0B66002608E4 /* NodeFields.h */,
				4D1398A21F5F0B66002608E4 /* NodeFields.m */,
				4D3694DC1F54547100A82811 /* Utils.h */,
				4D3694DD1F54547100A82811 /* Utils.m */,
				4D68DBB11F430ECB00A8A148 /* PasswordDatabase.h */,
				4D68DBB21F430ECB00A8A148 /* PasswordDatabase.m */,
				4D92C7DD1F388D0900341A58 /* Field.h */,
				4D92C7DE1F388D0900341A58 /* Field.m */,
				4D92C7DF1F388D0900341A58 /* Group.h */,
				4D92C7E01F388D0900341A58 /* Group.m */,
				4D92C7E11F388D0900341A58 /* PasswordHistory.h */,
				4D92C7E21F388D0900341A58 /* PasswordHistory.m */,
				4D92C7E31F388D0900341A58 /* PasswordHistoryEntry.h */,
				4D92C7E41F388D0900341A58 /* PasswordHistoryEntry.m */,
				4D92C7E71F388D0900341A58 /* Record.h */,
				4D92C7E81F388D0900341A58 /* Record.m */,
				4D92C7ED1F388D0900341A58 /* SafeTools.h */,
				4D92C7EE1F388D0900341A58 /* SafeTools.m */,
				4D92C7EF1F388D0900341A58 /* twofish */,
			);
			name = PwSafeModel;
			sourceTree = "<group>";
		};
		4DBE5B281C8356C700C310BC = {
			isa = PBXGroup;
			children = (
				4D92C7FE1F388DFF00341A58 /* crypt_argchk.c */,
				4D92C7FC1F388DE500341A58 /* twofish.c */,
				4DBE5B331C8356C700C310BC /* StrongBox */,
				4DBE5B321C8356C700C310BC /* Products */,
				278AD75AE9346420015475D7 /* Pods */,
				C28E68E855D68D8BECCE3B5B /* Frameworks */,
			);
			sourceTree = "<group>";
		};
		4DBE5B321C8356C700C310BC /* Products */ = {
			isa = PBXGroup;
			children = (
				4DBE5B311C8356C700C310BC /* StrongBox.app */,
			);
			name = Products;
			sourceTree = "<group>";
		};
		4DBE5B331C8356C700C310BC /* StrongBox */ = {
			isa = PBXGroup;
			children = (
				4DC2D4131F39D8A90029DBFE /* Images.xcassets */,
				4DA6335D1F62EAE1000A0E9D /* Main.storyboard */,
				4D92C7DA1F388CF200341A58 /* PwSafeModel */,
				4D62D6941C85F2B50051E13B /* ViewControllers */,
				4D62D6961C85F35E0051E13B /* StorageProviders */,
				4D62D6981C85F3AC0051E13B /* Model */,
				4DBE5B341C8356C700C310BC /* Supporting Files */,
			);
			path = StrongBox;
			sourceTree = "<group>";
		};
		4DBE5B341C8356C700C310BC /* Supporting Files */ = {
			isa = PBXGroup;
			children = (
				4DA6335A1F62E8F8000A0E9D /* CustomStorageProviderTableViewCell.h */,
				4DA6335B1F62E8F8000A0E9D /* CustomStorageProviderTableViewCell.m */,
				4DFAA3851EDDBFA8003FB355 /* AddSafeAlertController.h */,
				4DFAA3861EDDBFA8003FB355 /* AddSafeAlertController.m */,
				4D915D781EDC4B77002615F6 /* Alerts.h */,
				4D915D791EDC4B77002615F6 /* Alerts.m */,
				4DBE5B371C8356C700C310BC /* AppDelegate.h */,
				4DBE5B381C8356C700C310BC /* AppDelegate.m */,
				4D1757961C8361D200E6356F /* formatV3.txt */,
				4D31925E1ECF528B00DF6ED0 /* GoogleService-Info.plist */,
				4D17579C1C8361D200E6356F /* IOsUtils.h */,
				4D17579D1C8361D200E6356F /* IOsUtils.m */,
				4DBE5B351C8356C700C310BC /* main.m */,
				4DC8DFF01EE19CE300F1F757 /* README.md */,
				4DD59F731D3A6FC800F864ED /* secrets.h */,
				4D1757B51C8361D300E6356F /* StrongBox-Info.plist */,
				4D1757A21C8361D200E6356F /* main.m */,
				4D55F0D61EE2BFF400C43B26 /* TextFieldAutoSuggest.h */,
				4D55F0D71EE2BFF400C43B26 /* TextFieldAutoSuggest.m */,
			);
			name = "Supporting Files";
			sourceTree = "<group>";
		};
		C28E68E855D68D8BECCE3B5B /* Frameworks */ = {
			isa = PBXGroup;
			children = (
				4D93FD761EDB7A520076BBAA /* StoreKit.framework */,
				A2AA2ED99F5E8C1F20B9D1E3 /* Pods_StrongBox.framework */,
			);
			name = Frameworks;
			sourceTree = "<group>";
		};
/* End PBXGroup section */

/* Begin PBXNativeTarget section */
		4DBE5B301C8356C700C310BC /* StrongBox */ = {
			isa = PBXNativeTarget;
			buildConfigurationList = 4DBE5B4B1C8356C700C310BC /* Build configuration list for PBXNativeTarget "StrongBox" */;
			buildPhases = (
				4CDD569918F9EF06E120E163 /* [CP] Check Pods Manifest.lock */,
				4DBE5B2D1C8356C700C310BC /* Sources */,
				4DBE5B2E1C8356C700C310BC /* Frameworks */,
				4DBE5B2F1C8356C700C310BC /* Resources */,
				6B1F7FAA4877FC3B1B22302C /* [CP] Embed Pods Frameworks */,
				E82C278FED855BD63C77CDDD /* [CP] Copy Pods Resources */,
			);
			buildRules = (
			);
			dependencies = (
			);
			name = StrongBox;
			productName = StrongBox;
			productReference = 4DBE5B311C8356C700C310BC /* StrongBox.app */;
			productType = "com.apple.product-type.application";
		};
/* End PBXNativeTarget section */

/* Begin PBXProject section */
		4DBE5B291C8356C700C310BC /* Project object */ = {
			isa = PBXProject;
			attributes = {
				LastUpgradeCheck = 0900;
				ORGANIZATIONNAME = "Mark McGuill";
				TargetAttributes = {
					4DBE5B301C8356C700C310BC = {
						CreatedOnToolsVersion = 7.2.1;
						DevelopmentTeam = 4326J8XDF2;
						SystemCapabilities = {
							com.apple.InAppPurchase = {
								enabled = 1;
							};
						};
					};
				};
			};
			buildConfigurationList = 4DBE5B2C1C8356C700C310BC /* Build configuration list for PBXProject "StrongBox" */;
			compatibilityVersion = "Xcode 3.2";
			developmentRegion = English;
			hasScannedForEncodings = 0;
			knownRegions = (
				en,
				Base,
			);
			mainGroup = 4DBE5B281C8356C700C310BC;
			productRefGroup = 4DBE5B321C8356C700C310BC /* Products */;
			projectDirPath = "";
			projectRoot = "";
			targets = (
				4DBE5B301C8356C700C310BC /* StrongBox */,
			);
		};
/* End PBXProject section */

/* Begin PBXResourcesBuildPhase section */
		4DBE5B2F1C8356C700C310BC /* Resources */ = {
			isa = PBXResourcesBuildPhase;
			buildActionMask = 2147483647;
			files = (
				4D1757BF1C8361D300E6356F /* formatV3.txt in Resources */,
				4DC2D4141F39D8A90029DBFE /* Images.xcassets in Resources */,
				4DA6335F1F62EDA5000A0E9D /* Main.storyboard in Resources */,
				4D92C7FA1F388D0900341A58 /* twofish in Resources */,
				4D31925F1ECF528B00DF6ED0 /* GoogleService-Info.plist in Resources */,
			);
			runOnlyForDeploymentPostprocessing = 0;
		};
/* End PBXResourcesBuildPhase section */

/* Begin PBXShellScriptBuildPhase section */
		4CDD569918F9EF06E120E163 /* [CP] Check Pods Manifest.lock */ = {
			isa = PBXShellScriptBuildPhase;
			buildActionMask = 2147483647;
			files = (
			);
			inputPaths = (
				"${PODS_PODFILE_DIR_PATH}/Podfile.lock",
				"${PODS_ROOT}/Manifest.lock",
			);
			name = "[CP] Check Pods Manifest.lock";
			outputPaths = (
				"$(DERIVED_FILE_DIR)/Pods-StrongBox-checkManifestLockResult.txt",
			);
			runOnlyForDeploymentPostprocessing = 0;
			shellPath = /bin/sh;
			shellScript = "diff \"${PODS_PODFILE_DIR_PATH}/Podfile.lock\" \"${PODS_ROOT}/Manifest.lock\" > /dev/null\nif [ $? != 0 ] ; then\n    # print error to STDERR\n    echo \"error: The sandbox is not in sync with the Podfile.lock. Run 'pod install' or update your CocoaPods installation.\" >&2\n    exit 1\nfi\n# This output is used by Xcode 'outputs' to avoid re-running this script phase.\necho \"SUCCESS\" > \"${SCRIPT_OUTPUT_FILE_0}\"\n";
			showEnvVarsInLog = 0;
		};
		6B1F7FAA4877FC3B1B22302C /* [CP] Embed Pods Frameworks */ = {
			isa = PBXShellScriptBuildPhase;
			buildActionMask = 2147483647;
			files = (
			);
			inputPaths = (
				"${SRCROOT}/Pods/Target Support Files/Pods-StrongBox/Pods-StrongBox-frameworks.sh",
				"${BUILT_PRODUCTS_DIR}/GTMOAuth2/GTMOAuth2.framework",
				"${BUILT_PRODUCTS_DIR}/GTMSessionFetcher/GTMSessionFetcher.framework",
				"${BUILT_PRODUCTS_DIR}/GoogleAPIClientForREST/GoogleAPIClientForREST.framework",
				"${BUILT_PRODUCTS_DIR}/GoogleToolboxForMac/GoogleToolboxForMac.framework",
				"${BUILT_PRODUCTS_DIR}/ISMessages/ISMessages.framework",
				"${BUILT_PRODUCTS_DIR}/JNKeychain/JNKeychain.framework",
				"${BUILT_PRODUCTS_DIR}/ObjectiveDropboxOfficial/ObjectiveDropboxOfficial.framework",
				"${BUILT_PRODUCTS_DIR}/Reachability/Reachability.framework",
				"${BUILT_PRODUCTS_DIR}/SVProgressHUD/SVProgressHUD.framework",
			);
			name = "[CP] Embed Pods Frameworks";
			outputPaths = (
				"${TARGET_BUILD_DIR}/${FRAMEWORKS_FOLDER_PATH}/GTMOAuth2.framework",
				"${TARGET_BUILD_DIR}/${FRAMEWORKS_FOLDER_PATH}/GTMSessionFetcher.framework",
				"${TARGET_BUILD_DIR}/${FRAMEWORKS_FOLDER_PATH}/GoogleAPIClientForREST.framework",
				"${TARGET_BUILD_DIR}/${FRAMEWORKS_FOLDER_PATH}/GoogleToolboxForMac.framework",
				"${TARGET_BUILD_DIR}/${FRAMEWORKS_FOLDER_PATH}/ISMessages.framework",
				"${TARGET_BUILD_DIR}/${FRAMEWORKS_FOLDER_PATH}/JNKeychain.framework",
				"${TARGET_BUILD_DIR}/${FRAMEWORKS_FOLDER_PATH}/ObjectiveDropboxOfficial.framework",
				"${TARGET_BUILD_DIR}/${FRAMEWORKS_FOLDER_PATH}/Reachability.framework",
				"${TARGET_BUILD_DIR}/${FRAMEWORKS_FOLDER_PATH}/SVProgressHUD.framework",
			);
			runOnlyForDeploymentPostprocessing = 0;
			shellPath = /bin/sh;
			shellScript = "\"${SRCROOT}/Pods/Target Support Files/Pods-StrongBox/Pods-StrongBox-frameworks.sh\"\n";
			showEnvVarsInLog = 0;
		};
		E82C278FED855BD63C77CDDD /* [CP] Copy Pods Resources */ = {
			isa = PBXShellScriptBuildPhase;
			buildActionMask = 2147483647;
			files = (
			);
			inputPaths = (
				"${SRCROOT}/Pods/Target Support Files/Pods-StrongBox/Pods-StrongBox-resources.sh",
				"${PODS_ROOT}/GoogleSignIn/Resources/GoogleSignIn.bundle",
			);
			name = "[CP] Copy Pods Resources";
			outputPaths = (
				"${TARGET_BUILD_DIR}/${UNLOCALIZED_RESOURCES_FOLDER_PATH}",
			);
			runOnlyForDeploymentPostprocessing = 0;
			shellPath = /bin/sh;
			shellScript = "\"${SRCROOT}/Pods/Target Support Files/Pods-StrongBox/Pods-StrongBox-resources.sh\"\n";
			showEnvVarsInLog = 0;
		};
/* End PBXShellScriptBuildPhase section */

/* Begin PBXSourcesBuildPhase section */
		4DBE5B2D1C8356C700C310BC /* Sources */ = {
			isa = PBXSourcesBuildPhase;
			buildActionMask = 2147483647;
			files = (
				4D92C7FD1F388DE500341A58 /* twofish.c in Sources */,
				4D92C7FF1F388DFF00341A58 /* crypt_argchk.c in Sources */,
				4DD59F541D3A5A7300F864ED /* main.m in Sources */,
				4D915D741EDC068D002615F6 /* PasswordSettingsTableViewController.m in Sources */,
				4D1398A41F5F0B66002608E4 /* NodeFields.m in Sources */,
				4DF785FB1EDB319E006D4918 /* SafesCollection.m in Sources */,
				4D92C7F11F388D0900341A58 /* Field.m in Sources */,
				4DFAA3871EDDBFA8003FB355 /* AddSafeAlertController.m in Sources */,
				4DBE5B391C8356C700C310BC /* AppDelegate.m in Sources */,
				4D92C7F41F388D0900341A58 /* PasswordHistoryEntry.m in Sources */,
				4D1757C31C8361D300E6356F /* IOsUtils.m in Sources */,
				4D2E35691F62C9CB0064B5D5 /* SelectStorageProviderController.m in Sources */,
				4D92C7F61F388D0900341A58 /* Record.m in Sources */,
				4DA6335C1F62E8F8000A0E9D /* CustomStorageProviderTableViewCell.m in Sources */,
				4D3694DE1F54547100A82811 /* Utils.m in Sources */,
				4D1757CD1C8361D300E6356F /* SafesViewController.m in Sources */,
				4D915D7A1EDC4B77002615F6 /* Alerts.m in Sources */,
				4D1757C11C8361D300E6356F /* GoogleDriveStorageProvider.m in Sources */,
				4DE229A21ED8A102000FDC3D /* DropboxV2StorageProvider.m in Sources */,
				4D40EEF11ED878DB006532F8 /* StorageBrowserItem.m in Sources */,
				4D92C7F91F388D0900341A58 /* SafeTools.m in Sources */,
				4D1757CE1C8361D300E6356F /* SelectDestinationGroupController.m in Sources */,
				4D55F0D81EE2BFF400C43B26 /* TextFieldAutoSuggest.m in Sources */,
				4D68DBB31F430ECB00A8A148 /* PasswordDatabase.m in Sources */,
				4D0BA7D81F23B844009243C9 /* Settings.m in Sources */,
				4D275E571F1BC97600D79A30 /* UpgradeViewController.m in Sources */,
				4D92C7F31F388D0900341A58 /* PasswordHistory.m in Sources */,
				4D1757BB1C8361D300E6356F /* BrowseSafeView.m in Sources */,
				4D4C49041EDEC0B900EB857D /* RecordView.m in Sources */,
				4D40EEEE1ED87734006532F8 /* StorageBrowserTableViewController.m in Sources */,
				4D1757C01C8361D300E6356F /* GoogleDriveManager.m in Sources */,
				4D1398A31F5F0B66002608E4 /* Node.m in Sources */,
				4D1D6FD71F38760F00D2B8EC /* Model.m in Sources */,
				4D1757C91C8361D300E6356F /* SafeDetailsAndSettingsView.m in Sources */,
				4D0165401EDB2F9C00CCB8CF /* SafeMetaData.m in Sources */,
				4D915D771EDC06A0002615F6 /* PreviousPasswordsTableViewController.m in Sources */,
				4D92C7F21F388D0900341A58 /* Group.m in Sources */,
				4D0BA7DB1F23CA2A009243C9 /* PreferencesTableViewController.m in Sources */,
				4D1757C41C8361D300E6356F /* LocalDeviceStorageProvider.m in Sources */,
			);
			runOnlyForDeploymentPostprocessing = 0;
		};
/* End PBXSourcesBuildPhase section */

/* Begin PBXVariantGroup section */
		4DA6335D1F62EAE1000A0E9D /* Main.storyboard */ = {
			isa = PBXVariantGroup;
			children = (
				4DA6335E1F62EAE1000A0E9D /* Base */,
			);
			name = Main.storyboard;
			sourceTree = "<group>";
		};
/* End PBXVariantGroup section */

/* Begin XCBuildConfiguration section */
		4DBE5B491C8356C700C310BC /* Debug */ = {
			isa = XCBuildConfiguration;
			buildSettings = {
				ALWAYS_SEARCH_USER_PATHS = NO;
				CLANG_CXX_LANGUAGE_STANDARD = "gnu++0x";
				CLANG_CXX_LIBRARY = "libc++";
				CLANG_ENABLE_MODULES = YES;
				CLANG_ENABLE_OBJC_ARC = YES;
				CLANG_WARN_BLOCK_CAPTURE_AUTORELEASING = YES;
				CLANG_WARN_BOOL_CONVERSION = YES;
				CLANG_WARN_COMMA = YES;
				CLANG_WARN_CONSTANT_CONVERSION = YES;
				CLANG_WARN_DIRECT_OBJC_ISA_USAGE = YES_ERROR;
				CLANG_WARN_EMPTY_BODY = YES;
				CLANG_WARN_ENUM_CONVERSION = YES;
				CLANG_WARN_INFINITE_RECURSION = YES;
				CLANG_WARN_INT_CONVERSION = YES;
				CLANG_WARN_NON_LITERAL_NULL_CONVERSION = YES;
				CLANG_WARN_OBJC_LITERAL_CONVERSION = YES;
				CLANG_WARN_OBJC_ROOT_CLASS = YES_ERROR;
				CLANG_WARN_RANGE_LOOP_ANALYSIS = YES;
				CLANG_WARN_STRICT_PROTOTYPES = YES;
				CLANG_WARN_SUSPICIOUS_MOVE = YES;
				CLANG_WARN_UNREACHABLE_CODE = YES;
				CLANG_WARN__DUPLICATE_METHOD_MATCH = YES;
				CODE_SIGN_IDENTITY = "iPhone Distribution";
				"CODE_SIGN_IDENTITY[sdk=iphoneos*]" = "iPhone Distribution";
				COPY_PHASE_STRIP = NO;
				DEBUG_INFORMATION_FORMAT = dwarf;
				ENABLE_STRICT_OBJC_MSGSEND = YES;
				ENABLE_TESTABILITY = YES;
				GCC_C_LANGUAGE_STANDARD = gnu99;
				GCC_DYNAMIC_NO_PIC = NO;
				GCC_NO_COMMON_BLOCKS = YES;
				GCC_OPTIMIZATION_LEVEL = 0;
				GCC_PREPROCESSOR_DEFINITIONS = (
					"DEBUG=1",
					"$(inherited)",
				);
				GCC_WARN_64_TO_32_BIT_CONVERSION = YES;
				GCC_WARN_ABOUT_RETURN_TYPE = YES_ERROR;
				GCC_WARN_UNDECLARED_SELECTOR = YES;
				GCC_WARN_UNINITIALIZED_AUTOS = YES_AGGRESSIVE;
				GCC_WARN_UNUSED_FUNCTION = YES;
				GCC_WARN_UNUSED_VARIABLE = YES;
				IPHONEOS_DEPLOYMENT_TARGET = 9.2;
				MTL_ENABLE_DEBUG_INFO = YES;
				ONLY_ACTIVE_ARCH = NO;
				SDKROOT = iphoneos;
				TARGETED_DEVICE_FAMILY = "1,2";
				USER_HEADER_SEARCH_PATHS = PwSafeModel;
				VALID_ARCHS = "arm64 armv7 armv7s";
			};
			name = Debug;
		};
		4DBE5B4A1C8356C700C310BC /* Release */ = {
			isa = XCBuildConfiguration;
			buildSettings = {
				ALWAYS_SEARCH_USER_PATHS = NO;
				CLANG_CXX_LANGUAGE_STANDARD = "gnu++0x";
				CLANG_CXX_LIBRARY = "libc++";
				CLANG_ENABLE_MODULES = YES;
				CLANG_ENABLE_OBJC_ARC = YES;
				CLANG_WARN_BLOCK_CAPTURE_AUTORELEASING = YES;
				CLANG_WARN_BOOL_CONVERSION = YES;
				CLANG_WARN_COMMA = YES;
				CLANG_WARN_CONSTANT_CONVERSION = YES;
				CLANG_WARN_DIRECT_OBJC_ISA_USAGE = YES_ERROR;
				CLANG_WARN_EMPTY_BODY = YES;
				CLANG_WARN_ENUM_CONVERSION = YES;
				CLANG_WARN_INFINITE_RECURSION = YES;
				CLANG_WARN_INT_CONVERSION = YES;
				CLANG_WARN_NON_LITERAL_NULL_CONVERSION = YES;
				CLANG_WARN_OBJC_LITERAL_CONVERSION = YES;
				CLANG_WARN_OBJC_ROOT_CLASS = YES_ERROR;
				CLANG_WARN_RANGE_LOOP_ANALYSIS = YES;
				CLANG_WARN_STRICT_PROTOTYPES = YES;
				CLANG_WARN_SUSPICIOUS_MOVE = YES;
				CLANG_WARN_UNREACHABLE_CODE = YES;
				CLANG_WARN__DUPLICATE_METHOD_MATCH = YES;
				CODE_SIGN_IDENTITY = "iPhone Distribution";
				"CODE_SIGN_IDENTITY[sdk=iphoneos*]" = "iPhone Distribution";
				COPY_PHASE_STRIP = NO;
				DEBUG_INFORMATION_FORMAT = "dwarf-with-dsym";
				ENABLE_NS_ASSERTIONS = NO;
				ENABLE_STRICT_OBJC_MSGSEND = YES;
				GCC_C_LANGUAGE_STANDARD = gnu99;
				GCC_NO_COMMON_BLOCKS = YES;
				GCC_WARN_64_TO_32_BIT_CONVERSION = YES;
				GCC_WARN_ABOUT_RETURN_TYPE = YES_ERROR;
				GCC_WARN_UNDECLARED_SELECTOR = YES;
				GCC_WARN_UNINITIALIZED_AUTOS = YES_AGGRESSIVE;
				GCC_WARN_UNUSED_FUNCTION = YES;
				GCC_WARN_UNUSED_VARIABLE = YES;
				IPHONEOS_DEPLOYMENT_TARGET = 9.2;
				MTL_ENABLE_DEBUG_INFO = NO;
				ONLY_ACTIVE_ARCH = NO;
				SDKROOT = iphoneos;
				TARGETED_DEVICE_FAMILY = "1,2";
				USER_HEADER_SEARCH_PATHS = PwSafeModel;
				VALIDATE_PRODUCT = YES;
				VALID_ARCHS = "arm64 armv7 armv7s";
			};
			name = Release;
		};
		4DBE5B4C1C8356C700C310BC /* Debug */ = {
			isa = XCBuildConfiguration;
			baseConfigurationReference = AE37F0D1999147E7A4993521 /* Pods-StrongBox.debug.xcconfig */;
			buildSettings = {
				ARCHS = "$(ARCHS_STANDARD)";
				ASSETCATALOG_COMPILER_APPICON_NAME = AppIcon;
				ASSETCATALOG_COMPILER_LAUNCHIMAGE_NAME = LaunchImage;
				CODE_SIGN_IDENTITY = "iPhone Developer";
				"CODE_SIGN_IDENTITY[sdk=iphoneos*]" = "iPhone Developer";
				CURRENT_PROJECT_VERSION = 1.11.2;
				ENABLE_BITCODE = NO;
				FRAMEWORK_SEARCH_PATHS = "$(inherited)";
				INFOPLIST_FILE = "$(SRCROOT)/StrongBox/StrongBox-Info.plist";
				LD_RUNPATH_SEARCH_PATHS = "$(inherited) @executable_path/Frameworks";
				LIBRARY_SEARCH_PATHS = "$(inherited)";
				ONLY_ACTIVE_ARCH = NO;
				PRODUCT_BUNDLE_IDENTIFIER = com.markmcguill.strongbox;
				PRODUCT_NAME = "$(TARGET_NAME)";
				PROVISIONING_PROFILE = "";
				SDKROOT = iphoneos;
				USER_HEADER_SEARCH_PATHS = "";
				VERSIONING_SYSTEM = "apple-generic";
			};
			name = Debug;
		};
		4DBE5B4D1C8356C700C310BC /* Release */ = {
			isa = XCBuildConfiguration;
			baseConfigurationReference = 9AC77600B59D88F6EA6B21A0 /* Pods-StrongBox.release.xcconfig */;
			buildSettings = {
				ARCHS = "$(ARCHS_STANDARD)";
				ASSETCATALOG_COMPILER_APPICON_NAME = AppIcon;
				ASSETCATALOG_COMPILER_LAUNCHIMAGE_NAME = LaunchImage;
				CODE_SIGN_IDENTITY = "iPhone Developer";
				"CODE_SIGN_IDENTITY[sdk=iphoneos*]" = "iPhone Developer";
				CURRENT_PROJECT_VERSION = 1.11.2;
				ENABLE_BITCODE = NO;
				FRAMEWORK_SEARCH_PATHS = "$(inherited)";
				INFOPLIST_FILE = "$(SRCROOT)/StrongBox/StrongBox-Info.plist";
				LD_RUNPATH_SEARCH_PATHS = "$(inherited) @executable_path/Frameworks";
				LIBRARY_SEARCH_PATHS = "$(inherited)";
				ONLY_ACTIVE_ARCH = NO;
				PRODUCT_BUNDLE_IDENTIFIER = com.markmcguill.strongbox;
				PRODUCT_NAME = "$(TARGET_NAME)";
				PROVISIONING_PROFILE = "";
				SDKROOT = iphoneos;
				USER_HEADER_SEARCH_PATHS = "";
				VERSIONING_SYSTEM = "apple-generic";
			};
			name = Release;
		};
/* End XCBuildConfiguration section */

/* Begin XCConfigurationList section */
		4DBE5B2C1C8356C700C310BC /* Build configuration list for PBXProject "StrongBox" */ = {
			isa = XCConfigurationList;
			buildConfigurations = (
				4DBE5B491C8356C700C310BC /* Debug */,
				4DBE5B4A1C8356C700C310BC /* Release */,
			);
			defaultConfigurationIsVisible = 0;
			defaultConfigurationName = Release;
		};
		4DBE5B4B1C8356C700C310BC /* Build configuration list for PBXNativeTarget "StrongBox" */ = {
			isa = XCConfigurationList;
			buildConfigurations = (
				4DBE5B4C1C8356C700C310BC /* Debug */,
				4DBE5B4D1C8356C700C310BC /* Release */,
			);
			defaultConfigurationIsVisible = 0;
			defaultConfigurationName = Release;
		};
/* End XCConfigurationList section */
	};
	rootObject = 4DBE5B291C8356C700C310BC /* Project object */;
}
