// !$*UTF8*$!
{
	archiveVersion = 1;
	classes = {
	};
	objectVersion = 48;
	objects = {

/* Begin PBXBuildFile section */
		4D00B1F81F3DB03300D7560B /* Alerts.m in Sources */ = {isa = PBXBuildFile; fileRef = 4D00B1F71F3DB03300D7560B /* Alerts.m */; };
		4D48C35B1F4AECBF0041A47E /* LockedSafeInfo.m in Sources */ = {isa = PBXBuildFile; fileRef = 4D48C35A1F4AECBF0041A47E /* LockedSafeInfo.m */; };
		4D4DFC0B1F3B135000BE1C2D /* ViewModel.m in Sources */ = {isa = PBXBuildFile; fileRef = 4D4DFC0A1F3B135000BE1C2D /* ViewModel.m */; };
		4D5AE1EA1F432BBC000A34D7 /* Settings.m in Sources */ = {isa = PBXBuildFile; fileRef = 4D5AE1E91F432BBC000A34D7 /* Settings.m */; };
		4D60CC6E1F4C1627005B66B8 /* UpgradeWindowController.m in Sources */ = {isa = PBXBuildFile; fileRef = 4D60CC6C1F4C1627005B66B8 /* UpgradeWindowController.m */; };
		4D60CC6F1F4C1627005B66B8 /* UpgradeWindowController.xib in Resources */ = {isa = PBXBuildFile; fileRef = 4D60CC6D1F4C1627005B66B8 /* UpgradeWindowController.xib */; };
		4D92C8161F388E6E00341A58 /* PasswordDatabase.m in Sources */ = {isa = PBXBuildFile; fileRef = 4D92C8021F388E6E00341A58 /* PasswordDatabase.m */; };
		4D92C8171F388E6E00341A58 /* Field.m in Sources */ = {isa = PBXBuildFile; fileRef = 4D92C8041F388E6E00341A58 /* Field.m */; };
		4D92C8181F388E6E00341A58 /* Group.m in Sources */ = {isa = PBXBuildFile; fileRef = 4D92C8061F388E6E00341A58 /* Group.m */; };
		4D92C8191F388E6E00341A58 /* PasswordHistory.m in Sources */ = {isa = PBXBuildFile; fileRef = 4D92C8081F388E6E00341A58 /* PasswordHistory.m */; };
		4D92C81A1F388E6E00341A58 /* PasswordHistoryEntry.m in Sources */ = {isa = PBXBuildFile; fileRef = 4D92C80A1F388E6E00341A58 /* PasswordHistoryEntry.m */; };
		4D92C81C1F388E6E00341A58 /* Record.m in Sources */ = {isa = PBXBuildFile; fileRef = 4D92C80E1F388E6E00341A58 /* Record.m */; };
		4D92C81F1F388E6E00341A58 /* SafeTools.m in Sources */ = {isa = PBXBuildFile; fileRef = 4D92C8141F388E6E00341A58 /* SafeTools.m */; };
		4D92C8201F388E6E00341A58 /* twofish in Resources */ = {isa = PBXBuildFile; fileRef = 4D92C8151F388E6E00341A58 /* twofish */; };
		4D92C8221F388E9D00341A58 /* crypt_argchk.c in Sources */ = {isa = PBXBuildFile; fileRef = 4D92C8211F388E9D00341A58 /* crypt_argchk.c */; };
		4D92C8241F388EA800341A58 /* twofish.c in Sources */ = {isa = PBXBuildFile; fileRef = 4D92C8231F388EA800341A58 /* twofish.c */; };
		4D92C8271F38A03500341A58 /* WindowController.m in Sources */ = {isa = PBXBuildFile; fileRef = 4D92C8261F38A03500341A58 /* WindowController.m */; };
		4DA53E771F4C740C0003F682 /* StoreKit.framework in Frameworks */ = {isa = PBXBuildFile; fileRef = 4DA53E761F4C740C0003F682 /* StoreKit.framework */; };
		4DA595C81F4461B800351BEC /* Utils.m in Sources */ = {isa = PBXBuildFile; fileRef = 4DA595C71F4461B800351BEC /* Utils.m */; };
		4DCA65AF1F4B45800078B962 /* DocumentController.m in Sources */ = {isa = PBXBuildFile; fileRef = 4DCA65AE1F4B45800078B962 /* DocumentController.m */; };
		4DCA65B11F4B4A000078B962 /* Credits.rtf in Resources */ = {isa = PBXBuildFile; fileRef = 4DCA65B01F4B4A000078B962 /* Credits.rtf */; };
		4DE419BB1F588B2F00158ED5 /* Node.m in Sources */ = {isa = PBXBuildFile; fileRef = 4DE419BA1F588B2F00158ED5 /* Node.m */; };
		4DE419BE1F588C4800158ED5 /* NodeFields.m in Sources */ = {isa = PBXBuildFile; fileRef = 4DE419BD1F588C4800158ED5 /* NodeFields.m */; };
		4DE92B741F49D0AA00282D98 /* PwSafeModelTests.m in Sources */ = {isa = PBXBuildFile; fileRef = 4DE92B731F49D0AA00282D98 /* PwSafeModelTests.m */; };
		4DEAEC291F3DDF61000CE3A6 /* ChangeMasterPasswordWindowController.m in Sources */ = {isa = PBXBuildFile; fileRef = 4DEAEC271F3DDF61000CE3A6 /* ChangeMasterPasswordWindowController.m */; };
		4DEAEC2A1F3DDF61000CE3A6 /* ChangeMasterPasswordWindowController.xib in Resources */ = {isa = PBXBuildFile; fileRef = 4DEAEC281F3DDF61000CE3A6 /* ChangeMasterPasswordWindowController.xib */; };
		4DF59F561F30DB7A00D68BFE /* AppDelegate.m in Sources */ = {isa = PBXBuildFile; fileRef = 4DF59F551F30DB7A00D68BFE /* AppDelegate.m */; };
		4DF59F591F30DB7A00D68BFE /* main.m in Sources */ = {isa = PBXBuildFile; fileRef = 4DF59F581F30DB7A00D68BFE /* main.m */; };
		4DF59F5C1F30DB7A00D68BFE /* ViewController.m in Sources */ = {isa = PBXBuildFile; fileRef = 4DF59F5B1F30DB7A00D68BFE /* ViewController.m */; };
		4DF59F5F1F30DB7A00D68BFE /* Document.m in Sources */ = {isa = PBXBuildFile; fileRef = 4DF59F5E1F30DB7A00D68BFE /* Document.m */; };
		4DF59F611F30DB7A00D68BFE /* Assets.xcassets in Resources */ = {isa = PBXBuildFile; fileRef = 4DF59F601F30DB7A00D68BFE /* Assets.xcassets */; };
		4DF59F641F30DB7A00D68BFE /* Main.storyboard in Resources */ = {isa = PBXBuildFile; fileRef = 4DF59F621F30DB7A00D68BFE /* Main.storyboard */; };
/* End PBXBuildFile section */

/* Begin PBXContainerItemProxy section */
		4DE92B761F49D0AA00282D98 /* PBXContainerItemProxy */ = {
			isa = PBXContainerItemProxy;
			containerPortal = 4DF59F491F30DB7A00D68BFE /* Project object */;
			proxyType = 1;
			remoteGlobalIDString = 4DF59F501F30DB7A00D68BFE;
			remoteInfo = MacBox;
		};
/* End PBXContainerItemProxy section */

/* Begin PBXFileReference section */
		4D00B1F61F3DB03300D7560B /* Alerts.h */ = {isa = PBXFileReference; fileEncoding = 4; lastKnownFileType = sourcecode.c.h; path = Alerts.h; sourceTree = "<group>"; };
		4D00B1F71F3DB03300D7560B /* Alerts.m */ = {isa = PBXFileReference; fileEncoding = 4; lastKnownFileType = sourcecode.c.objc; path = Alerts.m; sourceTree = "<group>"; };
		4D48C3591F4AECBF0041A47E /* LockedSafeInfo.h */ = {isa = PBXFileReference; fileEncoding = 4; lastKnownFileType = sourcecode.c.h; path = LockedSafeInfo.h; sourceTree = "<group>"; };
		4D48C35A1F4AECBF0041A47E /* LockedSafeInfo.m */ = {isa = PBXFileReference; fileEncoding = 4; lastKnownFileType = sourcecode.c.objc; path = LockedSafeInfo.m; sourceTree = "<group>"; };
		4D4DFC091F3B135000BE1C2D /* ViewModel.h */ = {isa = PBXFileReference; fileEncoding = 4; lastKnownFileType = sourcecode.c.h; path = ViewModel.h; sourceTree = "<group>"; };
		4D4DFC0A1F3B135000BE1C2D /* ViewModel.m */ = {isa = PBXFileReference; fileEncoding = 4; lastKnownFileType = sourcecode.c.objc; path = ViewModel.m; sourceTree = "<group>"; };
		4D5AE1E81F432BBC000A34D7 /* Settings.h */ = {isa = PBXFileReference; fileEncoding = 4; lastKnownFileType = sourcecode.c.h; path = Settings.h; sourceTree = "<group>"; };
		4D5AE1E91F432BBC000A34D7 /* Settings.m */ = {isa = PBXFileReference; fileEncoding = 4; lastKnownFileType = sourcecode.c.objc; path = Settings.m; sourceTree = "<group>"; };
		4D60CC6B1F4C1627005B66B8 /* UpgradeWindowController.h */ = {isa = PBXFileReference; fileEncoding = 4; lastKnownFileType = sourcecode.c.h; path = UpgradeWindowController.h; sourceTree = "<group>"; };
		4D60CC6C1F4C1627005B66B8 /* UpgradeWindowController.m */ = {isa = PBXFileReference; fileEncoding = 4; lastKnownFileType = sourcecode.c.objc; path = UpgradeWindowController.m; sourceTree = "<group>"; };
		4D60CC6D1F4C1627005B66B8 /* UpgradeWindowController.xib */ = {isa = PBXFileReference; fileEncoding = 4; lastKnownFileType = file.xib; path = UpgradeWindowController.xib; sourceTree = "<group>"; };
		4D92C8011F388E6E00341A58 /* PasswordDatabase.h */ = {isa = PBXFileReference; fileEncoding = 4; lastKnownFileType = sourcecode.c.h; name = PasswordDatabase.h; path = ../../PwSafeModel/PasswordDatabase.h; sourceTree = "<group>"; };
		4D92C8021F388E6E00341A58 /* PasswordDatabase.m */ = {isa = PBXFileReference; fileEncoding = 4; lastKnownFileType = sourcecode.c.objc; name = PasswordDatabase.m; path = ../../PwSafeModel/PasswordDatabase.m; sourceTree = "<group>"; };
		4D92C8031F388E6E00341A58 /* Field.h */ = {isa = PBXFileReference; fileEncoding = 4; lastKnownFileType = sourcecode.c.h; name = Field.h; path = ../../PwSafeModel/Field.h; sourceTree = "<group>"; };
		4D92C8041F388E6E00341A58 /* Field.m */ = {isa = PBXFileReference; fileEncoding = 4; lastKnownFileType = sourcecode.c.objc; name = Field.m; path = ../../PwSafeModel/Field.m; sourceTree = "<group>"; };
		4D92C8051F388E6E00341A58 /* Group.h */ = {isa = PBXFileReference; fileEncoding = 4; lastKnownFileType = sourcecode.c.h; name = Group.h; path = ../../PwSafeModel/Group.h; sourceTree = "<group>"; };
		4D92C8061F388E6E00341A58 /* Group.m */ = {isa = PBXFileReference; fileEncoding = 4; lastKnownFileType = sourcecode.c.objc; name = Group.m; path = ../../PwSafeModel/Group.m; sourceTree = "<group>"; };
		4D92C8071F388E6E00341A58 /* PasswordHistory.h */ = {isa = PBXFileReference; fileEncoding = 4; lastKnownFileType = sourcecode.c.h; name = PasswordHistory.h; path = ../../PwSafeModel/PasswordHistory.h; sourceTree = "<group>"; };
		4D92C8081F388E6E00341A58 /* PasswordHistory.m */ = {isa = PBXFileReference; fileEncoding = 4; lastKnownFileType = sourcecode.c.objc; name = PasswordHistory.m; path = ../../PwSafeModel/PasswordHistory.m; sourceTree = "<group>"; };
		4D92C8091F388E6E00341A58 /* PasswordHistoryEntry.h */ = {isa = PBXFileReference; fileEncoding = 4; lastKnownFileType = sourcecode.c.h; name = PasswordHistoryEntry.h; path = ../../PwSafeModel/PasswordHistoryEntry.h; sourceTree = "<group>"; };
		4D92C80A1F388E6E00341A58 /* PasswordHistoryEntry.m */ = {isa = PBXFileReference; fileEncoding = 4; lastKnownFileType = sourcecode.c.objc; name = PasswordHistoryEntry.m; path = ../../PwSafeModel/PasswordHistoryEntry.m; sourceTree = "<group>"; };
		4D92C80D1F388E6E00341A58 /* Record.h */ = {isa = PBXFileReference; fileEncoding = 4; lastKnownFileType = sourcecode.c.h; name = Record.h; path = ../../PwSafeModel/Record.h; sourceTree = "<group>"; };
		4D92C80E1F388E6E00341A58 /* Record.m */ = {isa = PBXFileReference; fileEncoding = 4; lastKnownFileType = sourcecode.c.objc; name = Record.m; path = ../../PwSafeModel/Record.m; sourceTree = "<group>"; };
		4D92C8131F388E6E00341A58 /* SafeTools.h */ = {isa = PBXFileReference; fileEncoding = 4; lastKnownFileType = sourcecode.c.h; name = SafeTools.h; path = ../../PwSafeModel/SafeTools.h; sourceTree = "<group>"; };
		4D92C8141F388E6E00341A58 /* SafeTools.m */ = {isa = PBXFileReference; fileEncoding = 4; lastKnownFileType = sourcecode.c.objc; name = SafeTools.m; path = ../../PwSafeModel/SafeTools.m; sourceTree = "<group>"; };
		4D92C8151F388E6E00341A58 /* twofish */ = {isa = PBXFileReference; lastKnownFileType = folder; name = twofish; path = ../../PwSafeModel/twofish; sourceTree = "<group>"; };
		4D92C8211F388E9D00341A58 /* crypt_argchk.c */ = {isa = PBXFileReference; lastKnownFileType = sourcecode.c.c; name = crypt_argchk.c; path = ../../PwSafeModel/twofish/crypt_argchk.c; sourceTree = "<group>"; };
		4D92C8231F388EA800341A58 /* twofish.c */ = {isa = PBXFileReference; lastKnownFileType = sourcecode.c.c; name = twofish.c; path = ../../PwSafeModel/twofish/twofish.c; sourceTree = "<group>"; };
		4D92C8251F38A03500341A58 /* WindowController.h */ = {isa = PBXFileReference; fileEncoding = 4; lastKnownFileType = sourcecode.c.h; path = WindowController.h; sourceTree = "<group>"; };
		4D92C8261F38A03500341A58 /* WindowController.m */ = {isa = PBXFileReference; fileEncoding = 4; lastKnownFileType = sourcecode.c.objc; path = WindowController.m; sourceTree = "<group>"; };
		4DA53E761F4C740C0003F682 /* StoreKit.framework */ = {isa = PBXFileReference; lastKnownFileType = wrapper.framework; name = StoreKit.framework; path = System/Library/Frameworks/StoreKit.framework; sourceTree = SDKROOT; };
		4DA595C61F4461B800351BEC /* Utils.h */ = {isa = PBXFileReference; fileEncoding = 4; lastKnownFileType = sourcecode.c.h; name = Utils.h; path = ../../PwSafeModel/Utils.h; sourceTree = "<group>"; };
		4DA595C71F4461B800351BEC /* Utils.m */ = {isa = PBXFileReference; fileEncoding = 4; lastKnownFileType = sourcecode.c.objc; name = Utils.m; path = ../../PwSafeModel/Utils.m; sourceTree = "<group>"; };
		4DC225701F558D47000B0FBB /* StrongBox.entitlements */ = {isa = PBXFileReference; lastKnownFileType = text.plist.entitlements; path = StrongBox.entitlements; sourceTree = "<group>"; };
		4DCA65AD1F4B45800078B962 /* DocumentController.h */ = {isa = PBXFileReference; fileEncoding = 4; lastKnownFileType = sourcecode.c.h; path = DocumentController.h; sourceTree = "<group>"; };
		4DCA65AE1F4B45800078B962 /* DocumentController.m */ = {isa = PBXFileReference; fileEncoding = 4; lastKnownFileType = sourcecode.c.objc; path = DocumentController.m; sourceTree = "<group>"; };
		4DCA65B01F4B4A000078B962 /* Credits.rtf */ = {isa = PBXFileReference; fileEncoding = 4; lastKnownFileType = text.rtf; path = Credits.rtf; sourceTree = "<group>"; };
		4DE419B91F588B2F00158ED5 /* Node.h */ = {isa = PBXFileReference; fileEncoding = 4; lastKnownFileType = sourcecode.c.h; name = Node.h; path = ../../PwSafeModel/Node.h; sourceTree = "<group>"; };
		4DE419BA1F588B2F00158ED5 /* Node.m */ = {isa = PBXFileReference; fileEncoding = 4; lastKnownFileType = sourcecode.c.objc; name = Node.m; path = ../../PwSafeModel/Node.m; sourceTree = "<group>"; };
		4DE419BC1F588C4800158ED5 /* NodeFields.h */ = {isa = PBXFileReference; fileEncoding = 4; lastKnownFileType = sourcecode.c.h; name = NodeFields.h; path = ../../PwSafeModel/NodeFields.h; sourceTree = "<group>"; };
		4DE419BD1F588C4800158ED5 /* NodeFields.m */ = {isa = PBXFileReference; fileEncoding = 4; lastKnownFileType = sourcecode.c.objc; name = NodeFields.m; path = ../../PwSafeModel/NodeFields.m; sourceTree = "<group>"; };
		4DE92B711F49D0AA00282D98 /* PwSafeModelTests.xctest */ = {isa = PBXFileReference; explicitFileType = wrapper.cfbundle; includeInIndex = 0; path = PwSafeModelTests.xctest; sourceTree = BUILT_PRODUCTS_DIR; };
		4DE92B731F49D0AA00282D98 /* PwSafeModelTests.m */ = {isa = PBXFileReference; lastKnownFileType = sourcecode.c.objc; path = PwSafeModelTests.m; sourceTree = "<group>"; };
		4DE92B751F49D0AA00282D98 /* Info.plist */ = {isa = PBXFileReference; lastKnownFileType = text.plist.xml; path = Info.plist; sourceTree = "<group>"; };
		4DEAEC261F3DDF61000CE3A6 /* ChangeMasterPasswordWindowController.h */ = {isa = PBXFileReference; fileEncoding = 4; lastKnownFileType = sourcecode.c.h; path = ChangeMasterPasswordWindowController.h; sourceTree = "<group>"; };
		4DEAEC271F3DDF61000CE3A6 /* ChangeMasterPasswordWindowController.m */ = {isa = PBXFileReference; fileEncoding = 4; lastKnownFileType = sourcecode.c.objc; path = ChangeMasterPasswordWindowController.m; sourceTree = "<group>"; };
		4DEAEC281F3DDF61000CE3A6 /* ChangeMasterPasswordWindowController.xib */ = {isa = PBXFileReference; fileEncoding = 4; lastKnownFileType = file.xib; path = ChangeMasterPasswordWindowController.xib; sourceTree = "<group>"; };
		4DF59F511F30DB7A00D68BFE /* StrongBox.app */ = {isa = PBXFileReference; explicitFileType = wrapper.application; includeInIndex = 0; path = StrongBox.app; sourceTree = BUILT_PRODUCTS_DIR; };
		4DF59F541F30DB7A00D68BFE /* AppDelegate.h */ = {isa = PBXFileReference; lastKnownFileType = sourcecode.c.h; path = AppDelegate.h; sourceTree = "<group>"; };
		4DF59F551F30DB7A00D68BFE /* AppDelegate.m */ = {isa = PBXFileReference; lastKnownFileType = sourcecode.c.objc; path = AppDelegate.m; sourceTree = "<group>"; };
		4DF59F581F30DB7A00D68BFE /* main.m */ = {isa = PBXFileReference; lastKnownFileType = sourcecode.c.objc; path = main.m; sourceTree = "<group>"; };
		4DF59F5A1F30DB7A00D68BFE /* ViewController.h */ = {isa = PBXFileReference; lastKnownFileType = sourcecode.c.h; path = ViewController.h; sourceTree = "<group>"; };
		4DF59F5B1F30DB7A00D68BFE /* ViewController.m */ = {isa = PBXFileReference; lastKnownFileType = sourcecode.c.objc; path = ViewController.m; sourceTree = "<group>"; };
		4DF59F5D1F30DB7A00D68BFE /* Document.h */ = {isa = PBXFileReference; lastKnownFileType = sourcecode.c.h; path = Document.h; sourceTree = "<group>"; };
		4DF59F5E1F30DB7A00D68BFE /* Document.m */ = {isa = PBXFileReference; lastKnownFileType = sourcecode.c.objc; path = Document.m; sourceTree = "<group>"; };
		4DF59F601F30DB7A00D68BFE /* Assets.xcassets */ = {isa = PBXFileReference; lastKnownFileType = folder.assetcatalog; path = Assets.xcassets; sourceTree = "<group>"; };
		4DF59F631F30DB7A00D68BFE /* Base */ = {isa = PBXFileReference; lastKnownFileType = file.storyboard; name = Base; path = Base.lproj/Main.storyboard; sourceTree = "<group>"; };
		4DF59F651F30DB7A00D68BFE /* Info.plist */ = {isa = PBXFileReference; lastKnownFileType = text.plist.xml; path = Info.plist; sourceTree = "<group>"; };
/* End PBXFileReference section */

/* Begin PBXFrameworksBuildPhase section */
		4DE92B6E1F49D0AA00282D98 /* Frameworks */ = {
			isa = PBXFrameworksBuildPhase;
			buildActionMask = 2147483647;
			files = (
			);
			runOnlyForDeploymentPostprocessing = 0;
		};
		4DF59F4E1F30DB7A00D68BFE /* Frameworks */ = {
			isa = PBXFrameworksBuildPhase;
			buildActionMask = 2147483647;
			files = (
				4DA53E771F4C740C0003F682 /* StoreKit.framework in Frameworks */,
			);
			runOnlyForDeploymentPostprocessing = 0;
		};
/* End PBXFrameworksBuildPhase section */

/* Begin PBXGroup section */
		4D1D6F3A1F386CB700D2B8EC /* Frameworks */ = {
			isa = PBXGroup;
			children = (
				4DA53E761F4C740C0003F682 /* StoreKit.framework */,
			);
			name = Frameworks;
			sourceTree = "<group>";
		};
		4D92C8001F388E5D00341A58 /* PwSafeModel */ = {
			isa = PBXGroup;
			children = (
				4D92C8151F388E6E00341A58 /* twofish */,
				4D92C8011F388E6E00341A58 /* PasswordDatabase.h */,
				4D92C8021F388E6E00341A58 /* PasswordDatabase.m */,
				4DE419B91F588B2F00158ED5 /* Node.h */,
				4DE419BA1F588B2F00158ED5 /* Node.m */,
				4DE419BC1F588C4800158ED5 /* NodeFields.h */,
				4DE419BD1F588C4800158ED5 /* NodeFields.m */,
				4D92C8071F388E6E00341A58 /* PasswordHistory.h */,
				4D92C8081F388E6E00341A58 /* PasswordHistory.m */,
				4D92C8091F388E6E00341A58 /* PasswordHistoryEntry.h */,
				4D92C80A1F388E6E00341A58 /* PasswordHistoryEntry.m */,
				4D92C8031F388E6E00341A58 /* Field.h */,
				4D92C8041F388E6E00341A58 /* Field.m */,
				4D92C8051F388E6E00341A58 /* Group.h */,
				4D92C8061F388E6E00341A58 /* Group.m */,
				4D92C80D1F388E6E00341A58 /* Record.h */,
				4D92C80E1F388E6E00341A58 /* Record.m */,
				4D92C8131F388E6E00341A58 /* SafeTools.h */,
				4D92C8141F388E6E00341A58 /* SafeTools.m */,
				4DA595C61F4461B800351BEC /* Utils.h */,
				4DA595C71F4461B800351BEC /* Utils.m */,
			);
			name = PwSafeModel;
			sourceTree = "<group>";
		};
		4DE92B721F49D0AA00282D98 /* PwSafeModelTests */ = {
			isa = PBXGroup;
			children = (
				4DE92B731F49D0AA00282D98 /* PwSafeModelTests.m */,
				4DE92B751F49D0AA00282D98 /* Info.plist */,
			);
			path = PwSafeModelTests;
			sourceTree = "<group>";
		};
		4DF59F481F30DB7A00D68BFE = {
			isa = PBXGroup;
			children = (
				4DC225701F558D47000B0FBB /* StrongBox.entitlements */,
				4D92C8231F388EA800341A58 /* twofish.c */,
				4D92C8211F388E9D00341A58 /* crypt_argchk.c */,
				4D92C8001F388E5D00341A58 /* PwSafeModel */,
				4DF59F531F30DB7A00D68BFE /* MacBox */,
				4DE92B721F49D0AA00282D98 /* PwSafeModelTests */,
				4DF59F521F30DB7A00D68BFE /* Products */,
				4D1D6F3A1F386CB700D2B8EC /* Frameworks */,
			);
			sourceTree = "<group>";
		};
		4DF59F521F30DB7A00D68BFE /* Products */ = {
			isa = PBXGroup;
			children = (
				4DF59F511F30DB7A00D68BFE /* StrongBox.app */,
				4DE92B711F49D0AA00282D98 /* PwSafeModelTests.xctest */,
			);
			name = Products;
			sourceTree = "<group>";
		};
		4DF59F531F30DB7A00D68BFE /* MacBox */ = {
			isa = PBXGroup;
			children = (
				4DF59F651F30DB7A00D68BFE /* Info.plist */,
				4DF59F571F30DB7A00D68BFE /* Supporting Files */,
				4DF59F601F30DB7A00D68BFE /* Assets.xcassets */,
				4DF59F621F30DB7A00D68BFE /* Main.storyboard */,
				4DEAEC281F3DDF61000CE3A6 /* ChangeMasterPasswordWindowController.xib */,
				4DEAEC261F3DDF61000CE3A6 /* ChangeMasterPasswordWindowController.h */,
				4DEAEC271F3DDF61000CE3A6 /* ChangeMasterPasswordWindowController.m */,
				4DF59F541F30DB7A00D68BFE /* AppDelegate.h */,
				4DF59F551F30DB7A00D68BFE /* AppDelegate.m */,
				4DF59F5D1F30DB7A00D68BFE /* Document.h */,
				4DF59F5E1F30DB7A00D68BFE /* Document.m */,
				4D92C8251F38A03500341A58 /* WindowController.h */,
				4D92C8261F38A03500341A58 /* WindowController.m */,
				4D4DFC091F3B135000BE1C2D /* ViewModel.h */,
				4D4DFC0A1F3B135000BE1C2D /* ViewModel.m */,
				4DF59F5A1F30DB7A00D68BFE /* ViewController.h */,
				4DF59F5B1F30DB7A00D68BFE /* ViewController.m */,
				4D00B1F61F3DB03300D7560B /* Alerts.h */,
				4D00B1F71F3DB03300D7560B /* Alerts.m */,
				4D5AE1E81F432BBC000A34D7 /* Settings.h */,
				4D5AE1E91F432BBC000A34D7 /* Settings.m */,
				4D48C3591F4AECBF0041A47E /* LockedSafeInfo.h */,
				4D48C35A1F4AECBF0041A47E /* LockedSafeInfo.m */,
				4DCA65AD1F4B45800078B962 /* DocumentController.h */,
				4DCA65AE1F4B45800078B962 /* DocumentController.m */,
				4D60CC6B1F4C1627005B66B8 /* UpgradeWindowController.h */,
				4D60CC6C1F4C1627005B66B8 /* UpgradeWindowController.m */,
				4D60CC6D1F4C1627005B66B8 /* UpgradeWindowController.xib */,
			);
			path = MacBox;
			sourceTree = "<group>";
		};
		4DF59F571F30DB7A00D68BFE /* Supporting Files */ = {
			isa = PBXGroup;
			children = (
				4DCA65B01F4B4A000078B962 /* Credits.rtf */,
				4DF59F581F30DB7A00D68BFE /* main.m */,
			);
			name = "Supporting Files";
			sourceTree = "<group>";
		};
/* End PBXGroup section */

/* Begin PBXNativeTarget section */
		4DE92B701F49D0AA00282D98 /* PwSafeModelTests */ = {
			isa = PBXNativeTarget;
			buildConfigurationList = 4DE92B7A1F49D0AA00282D98 /* Build configuration list for PBXNativeTarget "PwSafeModelTests" */;
			buildPhases = (
				4DE92B6D1F49D0AA00282D98 /* Sources */,
				4DE92B6E1F49D0AA00282D98 /* Frameworks */,
				4DE92B6F1F49D0AA00282D98 /* Resources */,
			);
			buildRules = (
			);
			dependencies = (
				4DE92B771F49D0AA00282D98 /* PBXTargetDependency */,
			);
			name = PwSafeModelTests;
			productName = PwSafeModelTests;
			productReference = 4DE92B711F49D0AA00282D98 /* PwSafeModelTests.xctest */;
			productType = "com.apple.product-type.bundle.unit-test";
		};
		4DF59F501F30DB7A00D68BFE /* StrongBox */ = {
			isa = PBXNativeTarget;
			buildConfigurationList = 4DF59F681F30DB7A00D68BFE /* Build configuration list for PBXNativeTarget "StrongBox" */;
			buildPhases = (
				4DF59F4D1F30DB7A00D68BFE /* Sources */,
				4DF59F4E1F30DB7A00D68BFE /* Frameworks */,
				4DF59F4F1F30DB7A00D68BFE /* Resources */,
			);
			buildRules = (
			);
			dependencies = (
			);
			name = StrongBox;
			productName = MacBox;
			productReference = 4DF59F511F30DB7A00D68BFE /* StrongBox.app */;
			productType = "com.apple.product-type.application";
		};
/* End PBXNativeTarget section */

/* Begin PBXProject section */
		4DF59F491F30DB7A00D68BFE /* Project object */ = {
			isa = PBXProject;
			attributes = {
				LastUpgradeCheck = 0900;
				ORGANIZATIONNAME = "Mark McGuill";
				TargetAttributes = {
					4DE92B701F49D0AA00282D98 = {
						CreatedOnToolsVersion = 8.3.3;
						DevelopmentTeam = 4326J8XDF2;
						ProvisioningStyle = Automatic;
						TestTargetID = 4DF59F501F30DB7A00D68BFE;
					};
					4DF59F501F30DB7A00D68BFE = {
						CreatedOnToolsVersion = 8.3.3;
						DevelopmentTeam = 4326J8XDF2;
						ProvisioningStyle = Automatic;
						SystemCapabilities = {
							com.apple.InAppPurchase = {
								enabled = 1;
							};
							com.apple.Sandbox = {
								enabled = 1;
							};
						};
					};
				};
			};
			buildConfigurationList = 4DF59F4C1F30DB7A00D68BFE /* Build configuration list for PBXProject "MacBox" */;
			compatibilityVersion = "Xcode 8.0";
			developmentRegion = English;
			hasScannedForEncodings = 0;
			knownRegions = (
				en,
				Base,
			);
			mainGroup = 4DF59F481F30DB7A00D68BFE;
			productRefGroup = 4DF59F521F30DB7A00D68BFE /* Products */;
			projectDirPath = "";
			projectRoot = "";
			targets = (
				4DF59F501F30DB7A00D68BFE /* StrongBox */,
				4DE92B701F49D0AA00282D98 /* PwSafeModelTests */,
			);
		};
/* End PBXProject section */

/* Begin PBXResourcesBuildPhase section */
		4DE92B6F1F49D0AA00282D98 /* Resources */ = {
			isa = PBXResourcesBuildPhase;
			buildActionMask = 2147483647;
			files = (
			);
			runOnlyForDeploymentPostprocessing = 0;
		};
		4DF59F4F1F30DB7A00D68BFE /* Resources */ = {
			isa = PBXResourcesBuildPhase;
			buildActionMask = 2147483647;
			files = (
				4D60CC6F1F4C1627005B66B8 /* UpgradeWindowController.xib in Resources */,
				4D92C8201F388E6E00341A58 /* twofish in Resources */,
				4DF59F611F30DB7A00D68BFE /* Assets.xcassets in Resources */,
				4DEAEC2A1F3DDF61000CE3A6 /* ChangeMasterPasswordWindowController.xib in Resources */,
				4DF59F641F30DB7A00D68BFE /* Main.storyboard in Resources */,
				4DCA65B11F4B4A000078B962 /* Credits.rtf in Resources */,
			);
			runOnlyForDeploymentPostprocessing = 0;
		};
/* End PBXResourcesBuildPhase section */

/* Begin PBXSourcesBuildPhase section */
		4DE92B6D1F49D0AA00282D98 /* Sources */ = {
			isa = PBXSourcesBuildPhase;
			buildActionMask = 2147483647;
			files = (
				4DE92B741F49D0AA00282D98 /* PwSafeModelTests.m in Sources */,
			);
			runOnlyForDeploymentPostprocessing = 0;
		};
		4DF59F4D1F30DB7A00D68BFE /* Sources */ = {
			isa = PBXSourcesBuildPhase;
			buildActionMask = 2147483647;
			files = (
				4D92C8221F388E9D00341A58 /* crypt_argchk.c in Sources */,
				4DA595C81F4461B800351BEC /* Utils.m in Sources */,
				4D92C8241F388EA800341A58 /* twofish.c in Sources */,
				4D92C8171F388E6E00341A58 /* Field.m in Sources */,
				4D92C8191F388E6E00341A58 /* PasswordHistory.m in Sources */,
				4D92C81A1F388E6E00341A58 /* PasswordHistoryEntry.m in Sources */,
				4D92C8271F38A03500341A58 /* WindowController.m in Sources */,
				4D4DFC0B1F3B135000BE1C2D /* ViewModel.m in Sources */,
				4D60CC6E1F4C1627005B66B8 /* UpgradeWindowController.m in Sources */,
				4DF59F5F1F30DB7A00D68BFE /* Document.m in Sources */,
				4DE419BE1F588C4800158ED5 /* NodeFields.m in Sources */,
				4D92C8181F388E6E00341A58 /* Group.m in Sources */,
				4D92C81C1F388E6E00341A58 /* Record.m in Sources */,
				4D92C81F1F388E6E00341A58 /* SafeTools.m in Sources */,
				4D00B1F81F3DB03300D7560B /* Alerts.m in Sources */,
				4DEAEC291F3DDF61000CE3A6 /* ChangeMasterPasswordWindowController.m in Sources */,
				4DF59F5C1F30DB7A00D68BFE /* ViewController.m in Sources */,
				4D48C35B1F4AECBF0041A47E /* LockedSafeInfo.m in Sources */,
				4DF59F591F30DB7A00D68BFE /* main.m in Sources */,
				4DF59F561F30DB7A00D68BFE /* AppDelegate.m in Sources */,
				4DCA65AF1F4B45800078B962 /* DocumentController.m in Sources */,
				4D92C8161F388E6E00341A58 /* PasswordDatabase.m in Sources */,
				4D5AE1EA1F432BBC000A34D7 /* Settings.m in Sources */,
				4DE419BB1F588B2F00158ED5 /* Node.m in Sources */,
			);
			runOnlyForDeploymentPostprocessing = 0;
		};
/* End PBXSourcesBuildPhase section */

/* Begin PBXTargetDependency section */
		4DE92B771F49D0AA00282D98 /* PBXTargetDependency */ = {
			isa = PBXTargetDependency;
			target = 4DF59F501F30DB7A00D68BFE /* StrongBox */;
			targetProxy = 4DE92B761F49D0AA00282D98 /* PBXContainerItemProxy */;
		};
/* End PBXTargetDependency section */

/* Begin PBXVariantGroup section */
		4DF59F621F30DB7A00D68BFE /* Main.storyboard */ = {
			isa = PBXVariantGroup;
			children = (
				4DF59F631F30DB7A00D68BFE /* Base */,
			);
			name = Main.storyboard;
			sourceTree = "<group>";
		};
/* End PBXVariantGroup section */

/* Begin XCBuildConfiguration section */
		4DE92B781F49D0AA00282D98 /* Debug */ = {
			isa = XCBuildConfiguration;
			buildSettings = {
				BUNDLE_LOADER = "$(TEST_HOST)";
				COMBINE_HIDPI_IMAGES = YES;
				DEVELOPMENT_TEAM = 4326J8XDF2;
				INFOPLIST_FILE = PwSafeModelTests/Info.plist;
				LD_RUNPATH_SEARCH_PATHS = "$(inherited) @executable_path/../Frameworks @loader_path/../Frameworks";
				PRODUCT_BUNDLE_IDENTIFIER = com.markmcguill.PwSafeModelTests;
				PRODUCT_NAME = "$(TARGET_NAME)";
				TEST_HOST = "$(BUILT_PRODUCTS_DIR)/StrongBox.app/Contents/MacOS/StrongBox";
			};
			name = Debug;
		};
		4DE92B791F49D0AA00282D98 /* Release */ = {
			isa = XCBuildConfiguration;
			buildSettings = {
				BUNDLE_LOADER = "$(TEST_HOST)";
				COMBINE_HIDPI_IMAGES = YES;
				DEVELOPMENT_TEAM = 4326J8XDF2;
				INFOPLIST_FILE = PwSafeModelTests/Info.plist;
				LD_RUNPATH_SEARCH_PATHS = "$(inherited) @executable_path/../Frameworks @loader_path/../Frameworks";
				PRODUCT_BUNDLE_IDENTIFIER = com.markmcguill.PwSafeModelTests;
				PRODUCT_NAME = "$(TARGET_NAME)";
				TEST_HOST = "$(BUILT_PRODUCTS_DIR)/StrongBox.app/Contents/MacOS/StrongBox";
			};
			name = Release;
		};
		4DF59F661F30DB7A00D68BFE /* Debug */ = {
			isa = XCBuildConfiguration;
			buildSettings = {
				ALWAYS_SEARCH_USER_PATHS = NO;
				CLANG_ANALYZER_NONNULL = YES;
				CLANG_ANALYZER_NUMBER_OBJECT_CONVERSION = YES_AGGRESSIVE;
				CLANG_CXX_LANGUAGE_STANDARD = "gnu++0x";
				CLANG_CXX_LIBRARY = "libc++";
				CLANG_ENABLE_MODULES = YES;
				CLANG_ENABLE_OBJC_ARC = YES;
				CLANG_WARN_BLOCK_CAPTURE_AUTORELEASING = YES;
				CLANG_WARN_BOOL_CONVERSION = YES;
				CLANG_WARN_COMMA = YES;
				CLANG_WARN_CONSTANT_CONVERSION = YES;
				CLANG_WARN_DIRECT_OBJC_ISA_USAGE = YES_ERROR;
				CLANG_WARN_DOCUMENTATION_COMMENTS = YES;
				CLANG_WARN_EMPTY_BODY = YES;
				CLANG_WARN_ENUM_CONVERSION = YES;
				CLANG_WARN_INFINITE_RECURSION = YES;
				CLANG_WARN_INT_CONVERSION = YES;
				CLANG_WARN_NON_LITERAL_NULL_CONVERSION = YES;
				CLANG_WARN_OBJC_LITERAL_CONVERSION = YES;
				CLANG_WARN_OBJC_ROOT_CLASS = YES_ERROR;
				CLANG_WARN_RANGE_LOOP_ANALYSIS = YES;
				CLANG_WARN_STRICT_PROTOTYPES = YES;
				CLANG_WARN_SUSPICIOUS_MOVE = YES;
				CLANG_WARN_UNREACHABLE_CODE = YES;
				CLANG_WARN__DUPLICATE_METHOD_MATCH = YES;
				CODE_SIGN_IDENTITY = "-";
				COPY_PHASE_STRIP = NO;
				DEBUG_INFORMATION_FORMAT = dwarf;
				ENABLE_STRICT_OBJC_MSGSEND = YES;
				ENABLE_TESTABILITY = YES;
				GCC_C_LANGUAGE_STANDARD = gnu99;
				GCC_DYNAMIC_NO_PIC = NO;
				GCC_NO_COMMON_BLOCKS = YES;
				GCC_OPTIMIZATION_LEVEL = 0;
				GCC_PREPROCESSOR_DEFINITIONS = (
					"DEBUG=1",
					"$(inherited)",
				);
				GCC_WARN_64_TO_32_BIT_CONVERSION = YES;
				GCC_WARN_ABOUT_RETURN_TYPE = YES_ERROR;
				GCC_WARN_UNDECLARED_SELECTOR = YES;
				GCC_WARN_UNINITIALIZED_AUTOS = YES_AGGRESSIVE;
				GCC_WARN_UNUSED_FUNCTION = YES;
				GCC_WARN_UNUSED_VARIABLE = YES;
				MACOSX_DEPLOYMENT_TARGET = 10.9;
				MTL_ENABLE_DEBUG_INFO = YES;
				ONLY_ACTIVE_ARCH = YES;
				SDKROOT = macosx;
			};
			name = Debug;
		};
		4DF59F671F30DB7A00D68BFE /* Release */ = {
			isa = XCBuildConfiguration;
			buildSettings = {
				ALWAYS_SEARCH_USER_PATHS = NO;
				CLANG_ANALYZER_NONNULL = YES;
				CLANG_ANALYZER_NUMBER_OBJECT_CONVERSION = YES_AGGRESSIVE;
				CLANG_CXX_LANGUAGE_STANDARD = "gnu++0x";
				CLANG_CXX_LIBRARY = "libc++";
				CLANG_ENABLE_MODULES = YES;
				CLANG_ENABLE_OBJC_ARC = YES;
				CLANG_WARN_BLOCK_CAPTURE_AUTORELEASING = YES;
				CLANG_WARN_BOOL_CONVERSION = YES;
				CLANG_WARN_COMMA = YES;
				CLANG_WARN_CONSTANT_CONVERSION = YES;
				CLANG_WARN_DIRECT_OBJC_ISA_USAGE = YES_ERROR;
				CLANG_WARN_DOCUMENTATION_COMMENTS = YES;
				CLANG_WARN_EMPTY_BODY = YES;
				CLANG_WARN_ENUM_CONVERSION = YES;
				CLANG_WARN_INFINITE_RECURSION = YES;
				CLANG_WARN_INT_CONVERSION = YES;
				CLANG_WARN_NON_LITERAL_NULL_CONVERSION = YES;
				CLANG_WARN_OBJC_LITERAL_CONVERSION = YES;
				CLANG_WARN_OBJC_ROOT_CLASS = YES_ERROR;
				CLANG_WARN_RANGE_LOOP_ANALYSIS = YES;
				CLANG_WARN_STRICT_PROTOTYPES = YES;
				CLANG_WARN_SUSPICIOUS_MOVE = YES;
				CLANG_WARN_UNREACHABLE_CODE = YES;
				CLANG_WARN__DUPLICATE_METHOD_MATCH = YES;
				CODE_SIGN_IDENTITY = "-";
				COPY_PHASE_STRIP = NO;
				DEBUG_INFORMATION_FORMAT = "dwarf-with-dsym";
				ENABLE_NS_ASSERTIONS = NO;
				ENABLE_STRICT_OBJC_MSGSEND = YES;
				GCC_C_LANGUAGE_STANDARD = gnu99;
				GCC_NO_COMMON_BLOCKS = YES;
				GCC_WARN_64_TO_32_BIT_CONVERSION = YES;
				GCC_WARN_ABOUT_RETURN_TYPE = YES_ERROR;
				GCC_WARN_UNDECLARED_SELECTOR = YES;
				GCC_WARN_UNINITIALIZED_AUTOS = YES_AGGRESSIVE;
				GCC_WARN_UNUSED_FUNCTION = YES;
				GCC_WARN_UNUSED_VARIABLE = YES;
				MACOSX_DEPLOYMENT_TARGET = 10.9;
				MTL_ENABLE_DEBUG_INFO = NO;
				SDKROOT = macosx;
			};
			name = Release;
		};
		4DF59F691F30DB7A00D68BFE /* Debug */ = {
			isa = XCBuildConfiguration;
			buildSettings = {
				ASSETCATALOG_COMPILER_APPICON_NAME = AppIcon;
				CODE_SIGN_ENTITLEMENTS = StrongBox.entitlements;
				CODE_SIGN_IDENTITY = "Mac Developer";
				COMBINE_HIDPI_IMAGES = YES;
				DEVELOPMENT_TEAM = 4326J8XDF2;
				INFOPLIST_FILE = MacBox/Info.plist;
				LD_RUNPATH_SEARCH_PATHS = "$(inherited) @executable_path/../Frameworks";
				PRODUCT_BUNDLE_IDENTIFIER = com.markmcguill.strongbox.mac;
				PRODUCT_NAME = "$(TARGET_NAME)";
				PROVISIONING_PROFILE_SPECIFIER = "";
			};
			name = Debug;
		};
		4DF59F6A1F30DB7A00D68BFE /* Release */ = {
			isa = XCBuildConfiguration;
			buildSettings = {
				ASSETCATALOG_COMPILER_APPICON_NAME = AppIcon;
				CODE_SIGN_ENTITLEMENTS = StrongBox.entitlements;
				CODE_SIGN_IDENTITY = "Mac Developer";
				COMBINE_HIDPI_IMAGES = YES;
				DEVELOPMENT_TEAM = 4326J8XDF2;
				INFOPLIST_FILE = MacBox/Info.plist;
				LD_RUNPATH_SEARCH_PATHS = "$(inherited) @executable_path/../Frameworks";
				PRODUCT_BUNDLE_IDENTIFIER = com.markmcguill.strongbox.mac;
				PRODUCT_NAME = "$(TARGET_NAME)";
				PROVISIONING_PROFILE_SPECIFIER = "";
			};
			name = Release;
		};
/* End XCBuildConfiguration section */

/* Begin XCConfigurationList section */
		4DE92B7A1F49D0AA00282D98 /* Build configuration list for PBXNativeTarget "PwSafeModelTests" */ = {
			isa = XCConfigurationList;
			buildConfigurations = (
				4DE92B781F49D0AA00282D98 /* Debug */,
				4DE92B791F49D0AA00282D98 /* Release */,
			);
			defaultConfigurationIsVisible = 0;
			defaultConfigurationName = Release;
		};
		4DF59F4C1F30DB7A00D68BFE /* Build configuration list for PBXProject "MacBox" */ = {
			isa = XCConfigurationList;
			buildConfigurations = (
				4DF59F661F30DB7A00D68BFE /* Debug */,
				4DF59F671F30DB7A00D68BFE /* Release */,
			);
			defaultConfigurationIsVisible = 0;
			defaultConfigurationName = Release;
		};
		4DF59F681F30DB7A00D68BFE /* Build configuration list for PBXNativeTarget "StrongBox" */ = {
			isa = XCConfigurationList;
			buildConfigurations = (
				4DF59F691F30DB7A00D68BFE /* Debug */,
				4DF59F6A1F30DB7A00D68BFE /* Release */,
			);
			defaultConfigurationIsVisible = 0;
			defaultConfigurationName = Release;
		};
/* End XCConfigurationList section */
	};
	rootObject = 4DF59F491F30DB7A00D68BFE /* Project object */;
}
